// !$*UTF8*$!
{
	archiveVersion = 1;
	classes = {
	};
	objectVersion = 46;
	objects = {

/* Begin PBXBuildFile section */
		D41F61E018310C78006FDEDF /* OscController.cpp in Sources */ = {isa = PBXBuildFile; fileRef = D41F61DE18310C78006FDEDF /* OscController.cpp */; };
		D42498A818166158002C8418 /* P3DSwitchTableViewCell.m in Sources */ = {isa = PBXBuildFile; fileRef = D42498A718166158002C8418 /* P3DSwitchTableViewCell.m */; };
		D46015CE1826B5F1003EA6E3 /* libz.dylib in Frameworks */ = {isa = PBXBuildFile; fileRef = D46015CD1826B5F1003EA6E3 /* libz.dylib */; };
		D46015D01826B5FA003EA6E3 /* CoreMedia.framework in Frameworks */ = {isa = PBXBuildFile; fileRef = D46015CF1826B5FA003EA6E3 /* CoreMedia.framework */; };
		D463C407181668570038BD75 /* P3DLabelTextfieldTableViewCell.m in Sources */ = {isa = PBXBuildFile; fileRef = D463C406181668570038BD75 /* P3DLabelTextfieldTableViewCell.m */; };
		D463C40A1816700C0038BD75 /* P3DOSCSettingsController.mm in Sources */ = {isa = PBXBuildFile; fileRef = D463C4091816700C0038BD75 /* P3DOSCSettingsController.mm */; };
		D4713E8E182BD66E0010010F /* Crashlytics.framework in Frameworks */ = {isa = PBXBuildFile; fileRef = D4713E8D182BD66E0010010F /* Crashlytics.framework */; };
		D4713E91182BFB5B0010010F /* ZeroConfDiscoverEventHandler.cpp in Sources */ = {isa = PBXBuildFile; fileRef = D4713E8F182BFB5B0010010F /* ZeroConfDiscoverEventHandler.cpp */; };
		D481CB381826B68900C967B0 /* CoreImage.framework in Frameworks */ = {isa = PBXBuildFile; fileRef = D481CB371826B68900C967B0 /* CoreImage.framework */; };
		D481CB3A1826B6B400C967B0 /* ImageIO.framework in Frameworks */ = {isa = PBXBuildFile; fileRef = D481CB391826B6B400C967B0 /* ImageIO.framework */; };
		D481CB3C1826B6C900C967B0 /* MobileCoreServices.framework in Frameworks */ = {isa = PBXBuildFile; fileRef = D481CB3B1826B6C900C967B0 /* MobileCoreServices.framework */; };
		D481CB3E1826B72F00C967B0 /* Accelerate.framework in Frameworks */ = {isa = PBXBuildFile; fileRef = D481CB3D1826B72F00C967B0 /* Accelerate.framework */; };
		D48F47331811521C00A2F8E7 /* P3DTextfieldTableViewCell.m in Sources */ = {isa = PBXBuildFile; fileRef = D48F47321811521C00A2F8E7 /* P3DTextfieldTableViewCell.m */; };
		D49BED06192357FF00B37809 /* Control Panel@iphone.p3d in Resources */ = {isa = PBXBuildFile; fileRef = D49BECF8192357FF00B37809 /* Control Panel@iphone.p3d */; };
		D49BED07192357FF00B37809 /* iphone4c.jpg in Resources */ = {isa = PBXBuildFile; fileRef = D49BECF9192357FF00B37809 /* iphone4c.jpg */; };
		D49BED08192357FF00B37809 /* p_1.png in Resources */ = {isa = PBXBuildFile; fileRef = D49BECFA192357FF00B37809 /* p_1.png */; };
		D49BED09192357FF00B37809 /* p_2.png in Resources */ = {isa = PBXBuildFile; fileRef = D49BECFB192357FF00B37809 /* p_2.png */; };
		D49BED0A192357FF00B37809 /* p_3.png in Resources */ = {isa = PBXBuildFile; fileRef = D49BECFC192357FF00B37809 /* p_3.png */; };
		D49BED0B192357FF00B37809 /* p_4.png in Resources */ = {isa = PBXBuildFile; fileRef = D49BECFD192357FF00B37809 /* p_4.png */; };
		D49BED0C192357FF00B37809 /* p_5.png in Resources */ = {isa = PBXBuildFile; fileRef = D49BECFE192357FF00B37809 /* p_5.png */; };
		D49BED0D192357FF00B37809 /* p_6.png in Resources */ = {isa = PBXBuildFile; fileRef = D49BECFF192357FF00B37809 /* p_6.png */; };
		D49BED0E192357FF00B37809 /* p_box.png in Resources */ = {isa = PBXBuildFile; fileRef = D49BED00192357FF00B37809 /* p_box.png */; };
		D49BED0F192357FF00B37809 /* p_next.png in Resources */ = {isa = PBXBuildFile; fileRef = D49BED01192357FF00B37809 /* p_next.png */; };
		D49BED10192357FF00B37809 /* p_prev.png in Resources */ = {isa = PBXBuildFile; fileRef = D49BED02192357FF00B37809 /* p_prev.png */; };
		D49BED11192357FF00B37809 /* p_reset.png in Resources */ = {isa = PBXBuildFile; fileRef = D49BED03192357FF00B37809 /* p_reset.png */; };
		D49BED12192357FF00B37809 /* p_touch.png in Resources */ = {isa = PBXBuildFile; fileRef = D49BED04192357FF00B37809 /* p_touch.png */; };
		D49BED13192357FF00B37809 /* p_up.png in Resources */ = {isa = PBXBuildFile; fileRef = D49BED05192357FF00B37809 /* p_up.png */; };
		D49BED1919235ADD00B37809 /* Control Panel@iphone5.p3d in Resources */ = {isa = PBXBuildFile; fileRef = D49BED1419235ADC00B37809 /* Control Panel@iphone5.p3d */; };
		D49BED1A19235ADD00B37809 /* iphone5.jpg in Resources */ = {isa = PBXBuildFile; fileRef = D49BED1519235ADC00B37809 /* iphone5.jpg */; };
		D49BED1B19235ADD00B37809 /* px_box.png in Resources */ = {isa = PBXBuildFile; fileRef = D49BED1619235ADC00B37809 /* px_box.png */; };
		D49BED1C19235ADD00B37809 /* px.png in Resources */ = {isa = PBXBuildFile; fileRef = D49BED1719235ADC00B37809 /* px.png */; };
		D4A318F718295931006584AD /* ToggleMultitouchTrackball.cpp in Sources */ = {isa = PBXBuildFile; fileRef = D4A318F518295931006584AD /* ToggleMultitouchTrackball.cpp */; };
		D4A6C7671898FAAE0058BD96 /* P3DOSCHostPickerViewController.mm in Sources */ = {isa = PBXBuildFile; fileRef = D4A6C7661898FAAE0058BD96 /* P3DOSCHostPickerViewController.mm */; };
		D4A89360180BD70700ACB0B9 /* Foundation.framework in Frameworks */ = {isa = PBXBuildFile; fileRef = D4A8935F180BD70700ACB0B9 /* Foundation.framework */; };
		D4A89362180BD70700ACB0B9 /* CoreGraphics.framework in Frameworks */ = {isa = PBXBuildFile; fileRef = D4A89361180BD70700ACB0B9 /* CoreGraphics.framework */; };
		D4A89364180BD70700ACB0B9 /* UIKit.framework in Frameworks */ = {isa = PBXBuildFile; fileRef = D4A89363180BD70700ACB0B9 /* UIKit.framework */; };
		D4A8936A180BD70700ACB0B9 /* InfoPlist.strings in Resources */ = {isa = PBXBuildFile; fileRef = D4A89368180BD70700ACB0B9 /* InfoPlist.strings */; };
		D4A8936C180BD70700ACB0B9 /* main.m in Sources */ = {isa = PBXBuildFile; fileRef = D4A8936B180BD70700ACB0B9 /* main.m */; };
		D4A89373180BD70700ACB0B9 /* Main.storyboard in Resources */ = {isa = PBXBuildFile; fileRef = D4A89371180BD70700ACB0B9 /* Main.storyboard */; };
		D4A89378180BD70700ACB0B9 /* Images.xcassets in Resources */ = {isa = PBXBuildFile; fileRef = D4A89377180BD70700ACB0B9 /* Images.xcassets */; };
		D4A8937F180BD70700ACB0B9 /* XCTest.framework in Frameworks */ = {isa = PBXBuildFile; fileRef = D4A8937E180BD70700ACB0B9 /* XCTest.framework */; };
		D4A89380180BD70700ACB0B9 /* Foundation.framework in Frameworks */ = {isa = PBXBuildFile; fileRef = D4A8935F180BD70700ACB0B9 /* Foundation.framework */; };
		D4A89381180BD70700ACB0B9 /* UIKit.framework in Frameworks */ = {isa = PBXBuildFile; fileRef = D4A89363180BD70700ACB0B9 /* UIKit.framework */; };
		D4A89389180BD70700ACB0B9 /* InfoPlist.strings in Resources */ = {isa = PBXBuildFile; fileRef = D4A89387180BD70700ACB0B9 /* InfoPlist.strings */; };
		D4A8938B180BD70700ACB0B9 /* Present3D_ControlTests.m in Sources */ = {isa = PBXBuildFile; fileRef = D4A8938A180BD70700ACB0B9 /* Present3D_ControlTests.m */; };
		D4A89399180BD86000ACB0B9 /* P3DAppDelegate.mm in Sources */ = {isa = PBXBuildFile; fileRef = D4A89396180BD86000ACB0B9 /* P3DAppDelegate.mm */; };
		D4A8939A180BD86000ACB0B9 /* P3DRootViewController.m in Sources */ = {isa = PBXBuildFile; fileRef = D4A89398180BD86000ACB0B9 /* P3DRootViewController.m */; };
		D4A8939F180BEE6F00ACB0B9 /* ECSlidingViewController.m in Sources */ = {isa = PBXBuildFile; fileRef = D4A8939E180BEE6F00ACB0B9 /* ECSlidingViewController.m */; };
		D4A893A2180BF0BF00ACB0B9 /* P3DSceneViewController.mm in Sources */ = {isa = PBXBuildFile; fileRef = D4A893A1180BF0BF00ACB0B9 /* P3DSceneViewController.mm */; };
		D4BB8E3718D1A99300F6747D /* alpha_alt.png in Resources */ = {isa = PBXBuildFile; fileRef = D4BB8DE818D1A99300F6747D /* alpha_alt.png */; };
		D4BB8E3818D1A99300F6747D /* alpha.png in Resources */ = {isa = PBXBuildFile; fileRef = D4BB8DE918D1A99300F6747D /* alpha.png */; };
		D4BB8E3918D1A99300F6747D /* back_h.png in Resources */ = {isa = PBXBuildFile; fileRef = D4BB8DEA18D1A99300F6747D /* back_h.png */; };
		D4BB8E3A18D1A99300F6747D /* back.png in Resources */ = {isa = PBXBuildFile; fileRef = D4BB8DEB18D1A99300F6747D /* back.png */; };
		D4BB8E3B18D1A99300F6747D /* back2.png in Resources */ = {isa = PBXBuildFile; fileRef = D4BB8DEC18D1A99300F6747D /* back2.png */; };
		D4BB8E3C18D1A99300F6747D /* back3.png in Resources */ = {isa = PBXBuildFile; fileRef = D4BB8DED18D1A99300F6747D /* back3.png */; };
		D4BB8E3D18D1A99300F6747D /* click_t_alt.png in Resources */ = {isa = PBXBuildFile; fileRef = D4BB8DEE18D1A99300F6747D /* click_t_alt.png */; };
		D4BB8E3E18D1A99300F6747D /* click_t.png in Resources */ = {isa = PBXBuildFile; fileRef = D4BB8DEF18D1A99300F6747D /* click_t.png */; };
		D4BB8E3F18D1A99300F6747D /* click.png in Resources */ = {isa = PBXBuildFile; fileRef = D4BB8DF018D1A99300F6747D /* click.png */; };
		D4BB8E4018D1A99300F6747D /* Control Panel@ipad.p3d in Resources */ = {isa = PBXBuildFile; fileRef = D4BB8DF118D1A99300F6747D /* Control Panel@ipad.p3d */; };
		D4BB8E4218D1A99300F6747D /* cursor_alt.png in Resources */ = {isa = PBXBuildFile; fileRef = D4BB8DF318D1A99300F6747D /* cursor_alt.png */; };
		D4BB8E4318D1A99300F6747D /* cursor.png in Resources */ = {isa = PBXBuildFile; fileRef = D4BB8DF418D1A99300F6747D /* cursor.png */; };
		D4BB8E4418D1A99300F6747D /* density_alt.png in Resources */ = {isa = PBXBuildFile; fileRef = D4BB8DF518D1A99300F6747D /* density_alt.png */; };
		D4BB8E4518D1A99300F6747D /* density.png in Resources */ = {isa = PBXBuildFile; fileRef = D4BB8DF618D1A99300F6747D /* density.png */; };
		D4BB8E4618D1A99300F6747D /* display_alt.png in Resources */ = {isa = PBXBuildFile; fileRef = D4BB8DF718D1A99300F6747D /* display_alt.png */; };
		D4BB8E4718D1A99300F6747D /* display.png in Resources */ = {isa = PBXBuildFile; fileRef = D4BB8DF818D1A99300F6747D /* display.png */; };
		D4BB8E4818D1A99300F6747D /* down_alt.png in Resources */ = {isa = PBXBuildFile; fileRef = D4BB8DF918D1A99300F6747D /* down_alt.png */; };
		D4BB8E4918D1A99300F6747D /* down.png in Resources */ = {isa = PBXBuildFile; fileRef = D4BB8DFA18D1A99300F6747D /* down.png */; };
		D4BB8E4A18D1A99300F6747D /* first_alt.png in Resources */ = {isa = PBXBuildFile; fileRef = D4BB8DFB18D1A99300F6747D /* first_alt.png */; };
		D4BB8E4B18D1A99300F6747D /* first.png in Resources */ = {isa = PBXBuildFile; fileRef = D4BB8DFC18D1A99300F6747D /* first.png */; };
		D4BB8E4C18D1A99300F6747D /* five_alt.png in Resources */ = {isa = PBXBuildFile; fileRef = D4BB8DFD18D1A99300F6747D /* five_alt.png */; };
		D4BB8E4D18D1A99300F6747D /* five.png in Resources */ = {isa = PBXBuildFile; fileRef = D4BB8DFE18D1A99300F6747D /* five.png */; };
		D4BB8E4E18D1A99300F6747D /* four_alt.png in Resources */ = {isa = PBXBuildFile; fileRef = D4BB8DFF18D1A99300F6747D /* four_alt.png */; };
		D4BB8E4F18D1A99300F6747D /* four.png in Resources */ = {isa = PBXBuildFile; fileRef = D4BB8E0018D1A99300F6747D /* four.png */; };
		D4BB8E5018D1A99300F6747D /* global_alt.png in Resources */ = {isa = PBXBuildFile; fileRef = D4BB8E0118D1A99300F6747D /* global_alt.png */; };
		D4BB8E5118D1A99300F6747D /* global.png in Resources */ = {isa = PBXBuildFile; fileRef = D4BB8E0218D1A99300F6747D /* global.png */; };
		D4BB8E5218D1A99300F6747D /* h_dots.png in Resources */ = {isa = PBXBuildFile; fileRef = D4BB8E0318D1A99300F6747D /* h_dots.png */; };
		D4BB8E5318D1A99300F6747D /* h_line.png in Resources */ = {isa = PBXBuildFile; fileRef = D4BB8E0418D1A99300F6747D /* h_line.png */; };
		D4BB8E5418D1A99300F6747D /* help_alt.png in Resources */ = {isa = PBXBuildFile; fileRef = D4BB8E0518D1A99300F6747D /* help_alt.png */; };
		D4BB8E5518D1A99300F6747D /* help_back_alt_org.png in Resources */ = {isa = PBXBuildFile; fileRef = D4BB8E0618D1A99300F6747D /* help_back_alt_org.png */; };
		D4BB8E5618D1A99300F6747D /* help_back_alt.png in Resources */ = {isa = PBXBuildFile; fileRef = D4BB8E0718D1A99300F6747D /* help_back_alt.png */; };
		D4BB8E5718D1A99300F6747D /* help_back_org.png in Resources */ = {isa = PBXBuildFile; fileRef = D4BB8E0818D1A99300F6747D /* help_back_org.png */; };
		D4BB8E5818D1A99300F6747D /* help_back.png in Resources */ = {isa = PBXBuildFile; fileRef = D4BB8E0918D1A99300F6747D /* help_back.png */; };
		D4BB8E5918D1A99300F6747D /* help_layer.png in Resources */ = {isa = PBXBuildFile; fileRef = D4BB8E0A18D1A99300F6747D /* help_layer.png */; };
		D4BB8E5A18D1A99300F6747D /* help.png in Resources */ = {isa = PBXBuildFile; fileRef = D4BB8E0B18D1A99300F6747D /* help.png */; };
		D4BB8E5B18D1A99300F6747D /* last_alt.png in Resources */ = {isa = PBXBuildFile; fileRef = D4BB8E0C18D1A99300F6747D /* last_alt.png */; };
		D4BB8E5C18D1A99300F6747D /* last.png in Resources */ = {isa = PBXBuildFile; fileRef = D4BB8E0D18D1A99300F6747D /* last.png */; };
		D4BB8E5D18D1A99300F6747D /* minus_alt.png in Resources */ = {isa = PBXBuildFile; fileRef = D4BB8E0E18D1A99300F6747D /* minus_alt.png */; };
		D4BB8E5E18D1A99300F6747D /* minus.png in Resources */ = {isa = PBXBuildFile; fileRef = D4BB8E0F18D1A99300F6747D /* minus.png */; };
		D4BB8E5F18D1A99300F6747D /* move_alt.png in Resources */ = {isa = PBXBuildFile; fileRef = D4BB8E1018D1A99300F6747D /* move_alt.png */; };
		D4BB8E6018D1A99300F6747D /* move.png in Resources */ = {isa = PBXBuildFile; fileRef = D4BB8E1118D1A99300F6747D /* move.png */; };
		D4BB8E6118D1A99300F6747D /* nevis.ttf in Resources */ = {isa = PBXBuildFile; fileRef = D4BB8E1218D1A99300F6747D /* nevis.ttf */; };
		D4BB8E6218D1A99300F6747D /* next_alt.png in Resources */ = {isa = PBXBuildFile; fileRef = D4BB8E1318D1A99300F6747D /* next_alt.png */; };
		D4BB8E6318D1A99300F6747D /* next_m_alt.png in Resources */ = {isa = PBXBuildFile; fileRef = D4BB8E1418D1A99300F6747D /* next_m_alt.png */; };
		D4BB8E6418D1A99300F6747D /* next_m.png in Resources */ = {isa = PBXBuildFile; fileRef = D4BB8E1518D1A99300F6747D /* next_m.png */; };
		D4BB8E6518D1A99300F6747D /* next.png in Resources */ = {isa = PBXBuildFile; fileRef = D4BB8E1618D1A99300F6747D /* next.png */; };
		D4BB8E6618D1A99300F6747D /* one_alt.png in Resources */ = {isa = PBXBuildFile; fileRef = D4BB8E1718D1A99300F6747D /* one_alt.png */; };
		D4BB8E6718D1A99300F6747D /* one.png in Resources */ = {isa = PBXBuildFile; fileRef = D4BB8E1818D1A99300F6747D /* one.png */; };
		D4BB8E6818D1A99300F6747D /* p3d_logo.png in Resources */ = {isa = PBXBuildFile; fileRef = D4BB8E1918D1A99300F6747D /* p3d_logo.png */; };
		D4BB8E6918D1A99300F6747D /* pause_alt.png in Resources */ = {isa = PBXBuildFile; fileRef = D4BB8E1A18D1A99300F6747D /* pause_alt.png */; };
		D4BB8E6A18D1A99300F6747D /* pause.png in Resources */ = {isa = PBXBuildFile; fileRef = D4BB8E1B18D1A99300F6747D /* pause.png */; };
		D4BB8E6B18D1A99300F6747D /* play_alt.png in Resources */ = {isa = PBXBuildFile; fileRef = D4BB8E1C18D1A99300F6747D /* play_alt.png */; };
		D4BB8E6C18D1A99300F6747D /* play.png in Resources */ = {isa = PBXBuildFile; fileRef = D4BB8E1D18D1A99300F6747D /* play.png */; };
		D4BB8E6D18D1A99300F6747D /* plus_alt.png in Resources */ = {isa = PBXBuildFile; fileRef = D4BB8E1E18D1A99300F6747D /* plus_alt.png */; };
		D4BB8E6E18D1A99300F6747D /* plus.png in Resources */ = {isa = PBXBuildFile; fileRef = D4BB8E1F18D1A99300F6747D /* plus.png */; };
		D4BB8E6F18D1A99300F6747D /* prev_alt.png in Resources */ = {isa = PBXBuildFile; fileRef = D4BB8E2018D1A99300F6747D /* prev_alt.png */; };
		D4BB8E7018D1A99300F6747D /* prev.png in Resources */ = {isa = PBXBuildFile; fileRef = D4BB8E2118D1A99300F6747D /* prev.png */; };
		D4BB8E7118D1A99300F6747D /* redm.png in Resources */ = {isa = PBXBuildFile; fileRef = D4BB8E2218D1A99300F6747D /* redm.png */; };
		D4BB8E7218D1A99300F6747D /* reset_t_alt.png in Resources */ = {isa = PBXBuildFile; fileRef = D4BB8E2318D1A99300F6747D /* reset_t_alt.png */; };
		D4BB8E7318D1A99300F6747D /* reset_t.png in Resources */ = {isa = PBXBuildFile; fileRef = D4BB8E2418D1A99300F6747D /* reset_t.png */; };
		D4BB8E7418D1A99300F6747D /* reset.png in Resources */ = {isa = PBXBuildFile; fileRef = D4BB8E2518D1A99300F6747D /* reset.png */; };
		D4BB8E7518D1A99300F6747D /* restart_alt.png in Resources */ = {isa = PBXBuildFile; fileRef = D4BB8E2618D1A99300F6747D /* restart_alt.png */; };
		D4BB8E7618D1A99300F6747D /* restart.png in Resources */ = {isa = PBXBuildFile; fileRef = D4BB8E2718D1A99300F6747D /* restart.png */; };
		D4BB8E7718D1A99300F6747D /* six_alt.png in Resources */ = {isa = PBXBuildFile; fileRef = D4BB8E2818D1A99300F6747D /* six_alt.png */; };
		D4BB8E7818D1A99300F6747D /* six.png in Resources */ = {isa = PBXBuildFile; fileRef = D4BB8E2918D1A99300F6747D /* six.png */; };
		D4BB8E7918D1A99300F6747D /* three_alt.png in Resources */ = {isa = PBXBuildFile; fileRef = D4BB8E2A18D1A99300F6747D /* three_alt.png */; };
		D4BB8E7A18D1A99300F6747D /* three.png in Resources */ = {isa = PBXBuildFile; fileRef = D4BB8E2B18D1A99300F6747D /* three.png */; };
		D4BB8E7B18D1A99300F6747D /* touchpad.png in Resources */ = {isa = PBXBuildFile; fileRef = D4BB8E2C18D1A99300F6747D /* touchpad.png */; };
		D4BB8E7C18D1A99300F6747D /* trans_alt.png in Resources */ = {isa = PBXBuildFile; fileRef = D4BB8E2D18D1A99300F6747D /* trans_alt.png */; };
		D4BB8E7D18D1A99300F6747D /* trans.png in Resources */ = {isa = PBXBuildFile; fileRef = D4BB8E2E18D1A99300F6747D /* trans.png */; };
		D4BB8E7E18D1A99300F6747D /* two_alt.png in Resources */ = {isa = PBXBuildFile; fileRef = D4BB8E2F18D1A99300F6747D /* two_alt.png */; };
		D4BB8E7F18D1A99300F6747D /* two.png in Resources */ = {isa = PBXBuildFile; fileRef = D4BB8E3018D1A99300F6747D /* two.png */; };
		D4BB8E8018D1A99300F6747D /* up_alt.png in Resources */ = {isa = PBXBuildFile; fileRef = D4BB8E3118D1A99300F6747D /* up_alt.png */; };
		D4BB8E8118D1A99300F6747D /* up.png in Resources */ = {isa = PBXBuildFile; fileRef = D4BB8E3218D1A99300F6747D /* up.png */; };
		D4BB8E8218D1A99300F6747D /* v_dots.png in Resources */ = {isa = PBXBuildFile; fileRef = D4BB8E3318D1A99300F6747D /* v_dots.png */; };
		D4BB8E8318D1A99300F6747D /* v_line.png in Resources */ = {isa = PBXBuildFile; fileRef = D4BB8E3418D1A99300F6747D /* v_line.png */; };
		D4BB8E8418D1A99300F6747D /* view_alt.png in Resources */ = {isa = PBXBuildFile; fileRef = D4BB8E3518D1A99300F6747D /* view_alt.png */; };
		D4BB8E8518D1A99300F6747D /* view.png in Resources */ = {isa = PBXBuildFile; fileRef = D4BB8E3618D1A99300F6747D /* view.png */; };
		D4BE74AF180D2A74008028DA /* P3DMenuViewController.mm in Sources */ = {isa = PBXBuildFile; fileRef = D4BE74AE180D2A74008028DA /* P3DMenuViewController.mm */; };
		D4BE74B2180D2D40008028DA /* Localizable.strings in Resources */ = {isa = PBXBuildFile; fileRef = D4BE74B0180D2D40008028DA /* Localizable.strings */; };
		D4BE74B5180D321B008028DA /* P3DAppInterface.cpp in Sources */ = {isa = PBXBuildFile; fileRef = D4BE74B3180D321B008028DA /* P3DAppInterface.cpp */; };
		D4BE7699180D38DD008028DA /* IOSUtils.mm in Sources */ = {isa = PBXBuildFile; fileRef = D4BE7698180D38DD008028DA /* IOSUtils.mm */; };
		D4D50268180E89CB00F445D4 /* ReadFileCompleteHandler.cpp in Sources */ = {isa = PBXBuildFile; fileRef = D4D50266180E89CB00F445D4 /* ReadFileCompleteHandler.cpp */; };
		D4D5026B180E89FA00F445D4 /* FileCollection.cpp in Sources */ = {isa = PBXBuildFile; fileRef = D4D50269180E89FA00F445D4 /* FileCollection.cpp */; };
		D4D5026E180E8AE600F445D4 /* ReadFileThread.cpp in Sources */ = {isa = PBXBuildFile; fileRef = D4D5026C180E8AE600F445D4 /* ReadFileThread.cpp */; };
/* End PBXBuildFile section */

/* Begin PBXContainerItemProxy section */
		D4A89382180BD70700ACB0B9 /* PBXContainerItemProxy */ = {
			isa = PBXContainerItemProxy;
			containerPortal = D4A89354180BD70700ACB0B9 /* Project object */;
			proxyType = 1;
			remoteGlobalIDString = D4A8935B180BD70700ACB0B9;
			remoteInfo = "Present3D-Control";
		};
/* End PBXContainerItemProxy section */

/* Begin PBXFileReference section */
		D41F61DE18310C78006FDEDF /* OscController.cpp */ = {isa = PBXFileReference; fileEncoding = 4; lastKnownFileType = sourcecode.cpp.cpp; path = OscController.cpp; sourceTree = "<group>"; };
		D41F61DF18310C78006FDEDF /* OscController.h */ = {isa = PBXFileReference; fileEncoding = 4; lastKnownFileType = sourcecode.c.h; path = OscController.h; sourceTree = "<group>"; };
		D42498A618166158002C8418 /* P3DSwitchTableViewCell.h */ = {isa = PBXFileReference; fileEncoding = 4; lastKnownFileType = sourcecode.c.h; path = P3DSwitchTableViewCell.h; sourceTree = "<group>"; };
		D42498A718166158002C8418 /* P3DSwitchTableViewCell.m */ = {isa = PBXFileReference; fileEncoding = 4; lastKnownFileType = sourcecode.c.objc; path = P3DSwitchTableViewCell.m; sourceTree = "<group>"; };
		D46015C8182699B2003EA6E3 /* Present3D-Debug.xcconfig */ = {isa = PBXFileReference; lastKnownFileType = text.xcconfig; path = "Present3D-Debug.xcconfig"; sourceTree = "<group>"; };
		D46015C918269A77003EA6E3 /* Present3D-Release.xcconfig */ = {isa = PBXFileReference; fileEncoding = 4; lastKnownFileType = text.xcconfig; path = "Present3D-Release.xcconfig"; sourceTree = "<group>"; };
		D46015CB18269ACD003EA6E3 /* Present3D-Common.xcconfig */ = {isa = PBXFileReference; fileEncoding = 4; lastKnownFileType = text.xcconfig; path = "Present3D-Common.xcconfig"; sourceTree = "<group>"; };
		D46015CD1826B5F1003EA6E3 /* libz.dylib */ = {isa = PBXFileReference; lastKnownFileType = "compiled.mach-o.dylib"; name = libz.dylib; path = usr/lib/libz.dylib; sourceTree = SDKROOT; };
		D46015CF1826B5FA003EA6E3 /* CoreMedia.framework */ = {isa = PBXFileReference; lastKnownFileType = wrapper.framework; name = CoreMedia.framework; path = System/Library/Frameworks/CoreMedia.framework; sourceTree = SDKROOT; };
		D463C405181668570038BD75 /* P3DLabelTextfieldTableViewCell.h */ = {isa = PBXFileReference; fileEncoding = 4; lastKnownFileType = sourcecode.c.h; path = P3DLabelTextfieldTableViewCell.h; sourceTree = "<group>"; };
		D463C406181668570038BD75 /* P3DLabelTextfieldTableViewCell.m */ = {isa = PBXFileReference; fileEncoding = 4; lastKnownFileType = sourcecode.c.objc; path = P3DLabelTextfieldTableViewCell.m; sourceTree = "<group>"; };
		D463C4081816700C0038BD75 /* P3DOSCSettingsController.h */ = {isa = PBXFileReference; fileEncoding = 4; lastKnownFileType = sourcecode.c.h; path = P3DOSCSettingsController.h; sourceTree = "<group>"; };
		D463C4091816700C0038BD75 /* P3DOSCSettingsController.mm */ = {isa = PBXFileReference; fileEncoding = 4; lastKnownFileType = sourcecode.cpp.objcpp; path = P3DOSCSettingsController.mm; sourceTree = "<group>"; };
		D4713E8D182BD66E0010010F /* Crashlytics.framework */ = {isa = PBXFileReference; lastKnownFileType = wrapper.framework; path = Crashlytics.framework; sourceTree = "<group>"; };
		D4713E8F182BFB5B0010010F /* ZeroConfDiscoverEventHandler.cpp */ = {isa = PBXFileReference; fileEncoding = 4; lastKnownFileType = sourcecode.cpp.cpp; path = ZeroConfDiscoverEventHandler.cpp; sourceTree = "<group>"; };
		D4713E90182BFB5B0010010F /* ZeroConfDiscoverEventHandler.h */ = {isa = PBXFileReference; fileEncoding = 4; lastKnownFileType = sourcecode.c.h; path = ZeroConfDiscoverEventHandler.h; sourceTree = "<group>"; };
		D481CB371826B68900C967B0 /* CoreImage.framework */ = {isa = PBXFileReference; lastKnownFileType = wrapper.framework; name = CoreImage.framework; path = System/Library/Frameworks/CoreImage.framework; sourceTree = SDKROOT; };
		D481CB391826B6B400C967B0 /* ImageIO.framework */ = {isa = PBXFileReference; lastKnownFileType = wrapper.framework; name = ImageIO.framework; path = System/Library/Frameworks/ImageIO.framework; sourceTree = SDKROOT; };
		D481CB3B1826B6C900C967B0 /* MobileCoreServices.framework */ = {isa = PBXFileReference; lastKnownFileType = wrapper.framework; name = MobileCoreServices.framework; path = System/Library/Frameworks/MobileCoreServices.framework; sourceTree = SDKROOT; };
		D481CB3D1826B72F00C967B0 /* Accelerate.framework */ = {isa = PBXFileReference; lastKnownFileType = wrapper.framework; name = Accelerate.framework; path = System/Library/Frameworks/Accelerate.framework; sourceTree = SDKROOT; };
		D48F47311811521C00A2F8E7 /* P3DTextfieldTableViewCell.h */ = {isa = PBXFileReference; fileEncoding = 4; lastKnownFileType = sourcecode.c.h; path = P3DTextfieldTableViewCell.h; sourceTree = "<group>"; };
		D48F47321811521C00A2F8E7 /* P3DTextfieldTableViewCell.m */ = {isa = PBXFileReference; fileEncoding = 4; lastKnownFileType = sourcecode.c.objc; path = P3DTextfieldTableViewCell.m; sourceTree = "<group>"; };
		D49BECF8192357FF00B37809 /* Control Panel@iphone.p3d */ = {isa = PBXFileReference; fileEncoding = 4; lastKnownFileType = text.xml; path = "Control Panel@iphone.p3d"; sourceTree = "<group>"; };
		D49BECF9192357FF00B37809 /* iphone4c.jpg */ = {isa = PBXFileReference; lastKnownFileType = image.jpeg; path = iphone4c.jpg; sourceTree = "<group>"; };
		D49BECFA192357FF00B37809 /* p_1.png */ = {isa = PBXFileReference; lastKnownFileType = image.png; path = p_1.png; sourceTree = "<group>"; };
		D49BECFB192357FF00B37809 /* p_2.png */ = {isa = PBXFileReference; lastKnownFileType = image.png; path = p_2.png; sourceTree = "<group>"; };
		D49BECFC192357FF00B37809 /* p_3.png */ = {isa = PBXFileReference; lastKnownFileType = image.png; path = p_3.png; sourceTree = "<group>"; };
		D49BECFD192357FF00B37809 /* p_4.png */ = {isa = PBXFileReference; lastKnownFileType = image.png; path = p_4.png; sourceTree = "<group>"; };
		D49BECFE192357FF00B37809 /* p_5.png */ = {isa = PBXFileReference; lastKnownFileType = image.png; path = p_5.png; sourceTree = "<group>"; };
		D49BECFF192357FF00B37809 /* p_6.png */ = {isa = PBXFileReference; lastKnownFileType = image.png; path = p_6.png; sourceTree = "<group>"; };
		D49BED00192357FF00B37809 /* p_box.png */ = {isa = PBXFileReference; lastKnownFileType = image.png; path = p_box.png; sourceTree = "<group>"; };
		D49BED01192357FF00B37809 /* p_next.png */ = {isa = PBXFileReference; lastKnownFileType = image.png; path = p_next.png; sourceTree = "<group>"; };
		D49BED02192357FF00B37809 /* p_prev.png */ = {isa = PBXFileReference; lastKnownFileType = image.png; path = p_prev.png; sourceTree = "<group>"; };
		D49BED03192357FF00B37809 /* p_reset.png */ = {isa = PBXFileReference; lastKnownFileType = image.png; path = p_reset.png; sourceTree = "<group>"; };
		D49BED04192357FF00B37809 /* p_touch.png */ = {isa = PBXFileReference; lastKnownFileType = image.png; path = p_touch.png; sourceTree = "<group>"; };
		D49BED05192357FF00B37809 /* p_up.png */ = {isa = PBXFileReference; lastKnownFileType = image.png; path = p_up.png; sourceTree = "<group>"; };
		D49BED1419235ADC00B37809 /* Control Panel@iphone5.p3d */ = {isa = PBXFileReference; fileEncoding = 4; lastKnownFileType = text.xml; path = "Control Panel@iphone5.p3d"; sourceTree = "<group>"; };
		D49BED1519235ADC00B37809 /* iphone5.jpg */ = {isa = PBXFileReference; lastKnownFileType = image.jpeg; path = iphone5.jpg; sourceTree = "<group>"; };
		D49BED1619235ADC00B37809 /* px_box.png */ = {isa = PBXFileReference; lastKnownFileType = image.png; path = px_box.png; sourceTree = "<group>"; };
		D49BED1719235ADC00B37809 /* px.png */ = {isa = PBXFileReference; lastKnownFileType = image.png; path = px.png; sourceTree = "<group>"; };
		D4A318F518295931006584AD /* ToggleMultitouchTrackball.cpp */ = {isa = PBXFileReference; fileEncoding = 4; lastKnownFileType = sourcecode.cpp.cpp; path = ToggleMultitouchTrackball.cpp; sourceTree = "<group>"; };
		D4A318F618295931006584AD /* ToggleMultitouchTrackball.h */ = {isa = PBXFileReference; fileEncoding = 4; lastKnownFileType = sourcecode.c.h; path = ToggleMultitouchTrackball.h; sourceTree = "<group>"; };
		D4A6C7651898FAAE0058BD96 /* P3DOSCHostPickerViewController.h */ = {isa = PBXFileReference; fileEncoding = 4; lastKnownFileType = sourcecode.c.h; path = P3DOSCHostPickerViewController.h; sourceTree = "<group>"; };
		D4A6C7661898FAAE0058BD96 /* P3DOSCHostPickerViewController.mm */ = {isa = PBXFileReference; fileEncoding = 4; lastKnownFileType = sourcecode.cpp.objcpp; path = P3DOSCHostPickerViewController.mm; sourceTree = "<group>"; };
		D4A8935C180BD70700ACB0B9 /* Present3D-Control.app */ = {isa = PBXFileReference; explicitFileType = wrapper.application; includeInIndex = 0; path = "Present3D-Control.app"; sourceTree = BUILT_PRODUCTS_DIR; };
		D4A8935F180BD70700ACB0B9 /* Foundation.framework */ = {isa = PBXFileReference; lastKnownFileType = wrapper.framework; name = Foundation.framework; path = System/Library/Frameworks/Foundation.framework; sourceTree = SDKROOT; };
		D4A89361180BD70700ACB0B9 /* CoreGraphics.framework */ = {isa = PBXFileReference; lastKnownFileType = wrapper.framework; name = CoreGraphics.framework; path = System/Library/Frameworks/CoreGraphics.framework; sourceTree = SDKROOT; };
		D4A89363180BD70700ACB0B9 /* UIKit.framework */ = {isa = PBXFileReference; lastKnownFileType = wrapper.framework; name = UIKit.framework; path = System/Library/Frameworks/UIKit.framework; sourceTree = SDKROOT; };
		D4A89367180BD70700ACB0B9 /* Present3D-Control-Info.plist */ = {isa = PBXFileReference; lastKnownFileType = text.plist.xml; path = "Present3D-Control-Info.plist"; sourceTree = "<group>"; };
		D4A89369180BD70700ACB0B9 /* en */ = {isa = PBXFileReference; lastKnownFileType = text.plist.strings; name = en; path = en.lproj/InfoPlist.strings; sourceTree = "<group>"; };
		D4A8936B180BD70700ACB0B9 /* main.m */ = {isa = PBXFileReference; lastKnownFileType = sourcecode.c.objc; path = main.m; sourceTree = "<group>"; };
		D4A8936D180BD70700ACB0B9 /* Present3D-Control-Prefix.pch */ = {isa = PBXFileReference; lastKnownFileType = sourcecode.c.h; path = "Present3D-Control-Prefix.pch"; sourceTree = "<group>"; };
		D4A89372180BD70700ACB0B9 /* Base */ = {isa = PBXFileReference; lastKnownFileType = file.storyboard; name = Base; path = Base.lproj/Main.storyboard; sourceTree = "<group>"; };
		D4A89377180BD70700ACB0B9 /* Images.xcassets */ = {isa = PBXFileReference; lastKnownFileType = folder.assetcatalog; path = Images.xcassets; sourceTree = "<group>"; };
		D4A8937D180BD70700ACB0B9 /* Present3D-ControlTests.xctest */ = {isa = PBXFileReference; explicitFileType = wrapper.cfbundle; includeInIndex = 0; path = "Present3D-ControlTests.xctest"; sourceTree = BUILT_PRODUCTS_DIR; };
		D4A8937E180BD70700ACB0B9 /* XCTest.framework */ = {isa = PBXFileReference; lastKnownFileType = wrapper.framework; name = XCTest.framework; path = Library/Frameworks/XCTest.framework; sourceTree = DEVELOPER_DIR; };
		D4A89386180BD70700ACB0B9 /* Present3D-ControlTests-Info.plist */ = {isa = PBXFileReference; lastKnownFileType = text.plist.xml; path = "Present3D-ControlTests-Info.plist"; sourceTree = "<group>"; };
		D4A89388180BD70700ACB0B9 /* en */ = {isa = PBXFileReference; lastKnownFileType = text.plist.strings; name = en; path = en.lproj/InfoPlist.strings; sourceTree = "<group>"; };
		D4A8938A180BD70700ACB0B9 /* Present3D_ControlTests.m */ = {isa = PBXFileReference; lastKnownFileType = sourcecode.c.objc; path = Present3D_ControlTests.m; sourceTree = "<group>"; };
		D4A89395180BD86000ACB0B9 /* P3DAppDelegate.h */ = {isa = PBXFileReference; fileEncoding = 4; lastKnownFileType = sourcecode.c.h; path = P3DAppDelegate.h; sourceTree = "<group>"; };
		D4A89396180BD86000ACB0B9 /* P3DAppDelegate.mm */ = {isa = PBXFileReference; fileEncoding = 4; lastKnownFileType = sourcecode.cpp.objcpp; path = P3DAppDelegate.mm; sourceTree = "<group>"; };
		D4A89397180BD86000ACB0B9 /* P3DRootViewController.h */ = {isa = PBXFileReference; fileEncoding = 4; lastKnownFileType = sourcecode.c.h; path = P3DRootViewController.h; sourceTree = "<group>"; };
		D4A89398180BD86000ACB0B9 /* P3DRootViewController.m */ = {isa = PBXFileReference; fileEncoding = 4; lastKnownFileType = sourcecode.c.objc; path = P3DRootViewController.m; sourceTree = "<group>"; };
		D4A8939D180BEE6F00ACB0B9 /* ECSlidingViewController.h */ = {isa = PBXFileReference; fileEncoding = 4; lastKnownFileType = sourcecode.c.h; path = ECSlidingViewController.h; sourceTree = "<group>"; };
		D4A8939E180BEE6F00ACB0B9 /* ECSlidingViewController.m */ = {isa = PBXFileReference; fileEncoding = 4; lastKnownFileType = sourcecode.c.objc; path = ECSlidingViewController.m; sourceTree = "<group>"; };
		D4A893A0180BF0BF00ACB0B9 /* P3DSceneViewController.h */ = {isa = PBXFileReference; fileEncoding = 4; lastKnownFileType = sourcecode.c.h; name = P3DSceneViewController.h; path = src/P3DSceneViewController.h; sourceTree = SOURCE_ROOT; };
		D4A893A1180BF0BF00ACB0B9 /* P3DSceneViewController.mm */ = {isa = PBXFileReference; fileEncoding = 4; lastKnownFileType = sourcecode.cpp.objcpp; name = P3DSceneViewController.mm; path = src/P3DSceneViewController.mm; sourceTree = SOURCE_ROOT; };
		D4BB8DE818D1A99300F6747D /* alpha_alt.png */ = {isa = PBXFileReference; lastKnownFileType = image.png; path = alpha_alt.png; sourceTree = "<group>"; };
		D4BB8DE918D1A99300F6747D /* alpha.png */ = {isa = PBXFileReference; lastKnownFileType = image.png; path = alpha.png; sourceTree = "<group>"; };
		D4BB8DEA18D1A99300F6747D /* back_h.png */ = {isa = PBXFileReference; lastKnownFileType = image.png; path = back_h.png; sourceTree = "<group>"; };
		D4BB8DEB18D1A99300F6747D /* back.png */ = {isa = PBXFileReference; lastKnownFileType = image.png; path = back.png; sourceTree = "<group>"; };
		D4BB8DEC18D1A99300F6747D /* back2.png */ = {isa = PBXFileReference; lastKnownFileType = image.png; path = back2.png; sourceTree = "<group>"; };
		D4BB8DED18D1A99300F6747D /* back3.png */ = {isa = PBXFileReference; lastKnownFileType = image.png; path = back3.png; sourceTree = "<group>"; };
		D4BB8DEE18D1A99300F6747D /* click_t_alt.png */ = {isa = PBXFileReference; lastKnownFileType = image.png; path = click_t_alt.png; sourceTree = "<group>"; };
		D4BB8DEF18D1A99300F6747D /* click_t.png */ = {isa = PBXFileReference; lastKnownFileType = image.png; path = click_t.png; sourceTree = "<group>"; };
		D4BB8DF018D1A99300F6747D /* click.png */ = {isa = PBXFileReference; lastKnownFileType = image.png; path = click.png; sourceTree = "<group>"; };
		D4BB8DF118D1A99300F6747D /* Control Panel@ipad.p3d */ = {isa = PBXFileReference; fileEncoding = 4; lastKnownFileType = text.xml; path = "Control Panel@ipad.p3d"; sourceTree = "<group>"; };
		D4BB8DF318D1A99300F6747D /* cursor_alt.png */ = {isa = PBXFileReference; lastKnownFileType = image.png; path = cursor_alt.png; sourceTree = "<group>"; };
		D4BB8DF418D1A99300F6747D /* cursor.png */ = {isa = PBXFileReference; lastKnownFileType = image.png; path = cursor.png; sourceTree = "<group>"; };
		D4BB8DF518D1A99300F6747D /* density_alt.png */ = {isa = PBXFileReference; lastKnownFileType = image.png; path = density_alt.png; sourceTree = "<group>"; };
		D4BB8DF618D1A99300F6747D /* density.png */ = {isa = PBXFileReference; lastKnownFileType = image.png; path = density.png; sourceTree = "<group>"; };
		D4BB8DF718D1A99300F6747D /* display_alt.png */ = {isa = PBXFileReference; lastKnownFileType = image.png; path = display_alt.png; sourceTree = "<group>"; };
		D4BB8DF818D1A99300F6747D /* display.png */ = {isa = PBXFileReference; lastKnownFileType = image.png; path = display.png; sourceTree = "<group>"; };
		D4BB8DF918D1A99300F6747D /* down_alt.png */ = {isa = PBXFileReference; lastKnownFileType = image.png; path = down_alt.png; sourceTree = "<group>"; };
		D4BB8DFA18D1A99300F6747D /* down.png */ = {isa = PBXFileReference; lastKnownFileType = image.png; path = down.png; sourceTree = "<group>"; };
		D4BB8DFB18D1A99300F6747D /* first_alt.png */ = {isa = PBXFileReference; lastKnownFileType = image.png; path = first_alt.png; sourceTree = "<group>"; };
		D4BB8DFC18D1A99300F6747D /* first.png */ = {isa = PBXFileReference; lastKnownFileType = image.png; path = first.png; sourceTree = "<group>"; };
		D4BB8DFD18D1A99300F6747D /* five_alt.png */ = {isa = PBXFileReference; lastKnownFileType = image.png; path = five_alt.png; sourceTree = "<group>"; };
		D4BB8DFE18D1A99300F6747D /* five.png */ = {isa = PBXFileReference; lastKnownFileType = image.png; path = five.png; sourceTree = "<group>"; };
		D4BB8DFF18D1A99300F6747D /* four_alt.png */ = {isa = PBXFileReference; lastKnownFileType = image.png; path = four_alt.png; sourceTree = "<group>"; };
		D4BB8E0018D1A99300F6747D /* four.png */ = {isa = PBXFileReference; lastKnownFileType = image.png; path = four.png; sourceTree = "<group>"; };
		D4BB8E0118D1A99300F6747D /* global_alt.png */ = {isa = PBXFileReference; lastKnownFileType = image.png; path = global_alt.png; sourceTree = "<group>"; };
		D4BB8E0218D1A99300F6747D /* global.png */ = {isa = PBXFileReference; lastKnownFileType = image.png; path = global.png; sourceTree = "<group>"; };
		D4BB8E0318D1A99300F6747D /* h_dots.png */ = {isa = PBXFileReference; lastKnownFileType = image.png; path = h_dots.png; sourceTree = "<group>"; };
		D4BB8E0418D1A99300F6747D /* h_line.png */ = {isa = PBXFileReference; lastKnownFileType = image.png; path = h_line.png; sourceTree = "<group>"; };
		D4BB8E0518D1A99300F6747D /* help_alt.png */ = {isa = PBXFileReference; lastKnownFileType = image.png; path = help_alt.png; sourceTree = "<group>"; };
		D4BB8E0618D1A99300F6747D /* help_back_alt_org.png */ = {isa = PBXFileReference; lastKnownFileType = image.png; path = help_back_alt_org.png; sourceTree = "<group>"; };
		D4BB8E0718D1A99300F6747D /* help_back_alt.png */ = {isa = PBXFileReference; lastKnownFileType = image.png; path = help_back_alt.png; sourceTree = "<group>"; };
		D4BB8E0818D1A99300F6747D /* help_back_org.png */ = {isa = PBXFileReference; lastKnownFileType = image.png; path = help_back_org.png; sourceTree = "<group>"; };
		D4BB8E0918D1A99300F6747D /* help_back.png */ = {isa = PBXFileReference; lastKnownFileType = image.png; path = help_back.png; sourceTree = "<group>"; };
		D4BB8E0A18D1A99300F6747D /* help_layer.png */ = {isa = PBXFileReference; lastKnownFileType = image.png; path = help_layer.png; sourceTree = "<group>"; };
		D4BB8E0B18D1A99300F6747D /* help.png */ = {isa = PBXFileReference; lastKnownFileType = image.png; path = help.png; sourceTree = "<group>"; };
		D4BB8E0C18D1A99300F6747D /* last_alt.png */ = {isa = PBXFileReference; lastKnownFileType = image.png; path = last_alt.png; sourceTree = "<group>"; };
		D4BB8E0D18D1A99300F6747D /* last.png */ = {isa = PBXFileReference; lastKnownFileType = image.png; path = last.png; sourceTree = "<group>"; };
		D4BB8E0E18D1A99300F6747D /* minus_alt.png */ = {isa = PBXFileReference; lastKnownFileType = image.png; path = minus_alt.png; sourceTree = "<group>"; };
		D4BB8E0F18D1A99300F6747D /* minus.png */ = {isa = PBXFileReference; lastKnownFileType = image.png; path = minus.png; sourceTree = "<group>"; };
		D4BB8E1018D1A99300F6747D /* move_alt.png */ = {isa = PBXFileReference; lastKnownFileType = image.png; path = move_alt.png; sourceTree = "<group>"; };
		D4BB8E1118D1A99300F6747D /* move.png */ = {isa = PBXFileReference; lastKnownFileType = image.png; path = move.png; sourceTree = "<group>"; };
		D4BB8E1218D1A99300F6747D /* nevis.ttf */ = {isa = PBXFileReference; lastKnownFileType = file; path = nevis.ttf; sourceTree = "<group>"; };
		D4BB8E1318D1A99300F6747D /* next_alt.png */ = {isa = PBXFileReference; lastKnownFileType = image.png; path = next_alt.png; sourceTree = "<group>"; };
		D4BB8E1418D1A99300F6747D /* next_m_alt.png */ = {isa = PBXFileReference; lastKnownFileType = image.png; path = next_m_alt.png; sourceTree = "<group>"; };
		D4BB8E1518D1A99300F6747D /* next_m.png */ = {isa = PBXFileReference; lastKnownFileType = image.png; path = next_m.png; sourceTree = "<group>"; };
		D4BB8E1618D1A99300F6747D /* next.png */ = {isa = PBXFileReference; lastKnownFileType = image.png; path = next.png; sourceTree = "<group>"; };
		D4BB8E1718D1A99300F6747D /* one_alt.png */ = {isa = PBXFileReference; lastKnownFileType = image.png; path = one_alt.png; sourceTree = "<group>"; };
		D4BB8E1818D1A99300F6747D /* one.png */ = {isa = PBXFileReference; lastKnownFileType = image.png; path = one.png; sourceTree = "<group>"; };
		D4BB8E1918D1A99300F6747D /* p3d_logo.png */ = {isa = PBXFileReference; lastKnownFileType = image.png; path = p3d_logo.png; sourceTree = "<group>"; };
		D4BB8E1A18D1A99300F6747D /* pause_alt.png */ = {isa = PBXFileReference; lastKnownFileType = image.png; path = pause_alt.png; sourceTree = "<group>"; };
		D4BB8E1B18D1A99300F6747D /* pause.png */ = {isa = PBXFileReference; lastKnownFileType = image.png; path = pause.png; sourceTree = "<group>"; };
		D4BB8E1C18D1A99300F6747D /* play_alt.png */ = {isa = PBXFileReference; lastKnownFileType = image.png; path = play_alt.png; sourceTree = "<group>"; };
		D4BB8E1D18D1A99300F6747D /* play.png */ = {isa = PBXFileReference; lastKnownFileType = image.png; path = play.png; sourceTree = "<group>"; };
		D4BB8E1E18D1A99300F6747D /* plus_alt.png */ = {isa = PBXFileReference; lastKnownFileType = image.png; path = plus_alt.png; sourceTree = "<group>"; };
		D4BB8E1F18D1A99300F6747D /* plus.png */ = {isa = PBXFileReference; lastKnownFileType = image.png; path = plus.png; sourceTree = "<group>"; };
		D4BB8E2018D1A99300F6747D /* prev_alt.png */ = {isa = PBXFileReference; lastKnownFileType = image.png; path = prev_alt.png; sourceTree = "<group>"; };
		D4BB8E2118D1A99300F6747D /* prev.png */ = {isa = PBXFileReference; lastKnownFileType = image.png; path = prev.png; sourceTree = "<group>"; };
		D4BB8E2218D1A99300F6747D /* redm.png */ = {isa = PBXFileReference; lastKnownFileType = image.png; path = redm.png; sourceTree = "<group>"; };
		D4BB8E2318D1A99300F6747D /* reset_t_alt.png */ = {isa = PBXFileReference; lastKnownFileType = image.png; path = reset_t_alt.png; sourceTree = "<group>"; };
		D4BB8E2418D1A99300F6747D /* reset_t.png */ = {isa = PBXFileReference; lastKnownFileType = image.png; path = reset_t.png; sourceTree = "<group>"; };
		D4BB8E2518D1A99300F6747D /* reset.png */ = {isa = PBXFileReference; lastKnownFileType = image.png; path = reset.png; sourceTree = "<group>"; };
		D4BB8E2618D1A99300F6747D /* restart_alt.png */ = {isa = PBXFileReference; lastKnownFileType = image.png; path = restart_alt.png; sourceTree = "<group>"; };
		D4BB8E2718D1A99300F6747D /* restart.png */ = {isa = PBXFileReference; lastKnownFileType = image.png; path = restart.png; sourceTree = "<group>"; };
		D4BB8E2818D1A99300F6747D /* six_alt.png */ = {isa = PBXFileReference; lastKnownFileType = image.png; path = six_alt.png; sourceTree = "<group>"; };
		D4BB8E2918D1A99300F6747D /* six.png */ = {isa = PBXFileReference; lastKnownFileType = image.png; path = six.png; sourceTree = "<group>"; };
		D4BB8E2A18D1A99300F6747D /* three_alt.png */ = {isa = PBXFileReference; lastKnownFileType = image.png; path = three_alt.png; sourceTree = "<group>"; };
		D4BB8E2B18D1A99300F6747D /* three.png */ = {isa = PBXFileReference; lastKnownFileType = image.png; path = three.png; sourceTree = "<group>"; };
		D4BB8E2C18D1A99300F6747D /* touchpad.png */ = {isa = PBXFileReference; lastKnownFileType = image.png; path = touchpad.png; sourceTree = "<group>"; };
		D4BB8E2D18D1A99300F6747D /* trans_alt.png */ = {isa = PBXFileReference; lastKnownFileType = image.png; path = trans_alt.png; sourceTree = "<group>"; };
		D4BB8E2E18D1A99300F6747D /* trans.png */ = {isa = PBXFileReference; lastKnownFileType = image.png; path = trans.png; sourceTree = "<group>"; };
		D4BB8E2F18D1A99300F6747D /* two_alt.png */ = {isa = PBXFileReference; lastKnownFileType = image.png; path = two_alt.png; sourceTree = "<group>"; };
		D4BB8E3018D1A99300F6747D /* two.png */ = {isa = PBXFileReference; lastKnownFileType = image.png; path = two.png; sourceTree = "<group>"; };
		D4BB8E3118D1A99300F6747D /* up_alt.png */ = {isa = PBXFileReference; lastKnownFileType = image.png; path = up_alt.png; sourceTree = "<group>"; };
		D4BB8E3218D1A99300F6747D /* up.png */ = {isa = PBXFileReference; lastKnownFileType = image.png; path = up.png; sourceTree = "<group>"; };
		D4BB8E3318D1A99300F6747D /* v_dots.png */ = {isa = PBXFileReference; lastKnownFileType = image.png; path = v_dots.png; sourceTree = "<group>"; };
		D4BB8E3418D1A99300F6747D /* v_line.png */ = {isa = PBXFileReference; lastKnownFileType = image.png; path = v_line.png; sourceTree = "<group>"; };
		D4BB8E3518D1A99300F6747D /* view_alt.png */ = {isa = PBXFileReference; lastKnownFileType = image.png; path = view_alt.png; sourceTree = "<group>"; };
		D4BB8E3618D1A99300F6747D /* view.png */ = {isa = PBXFileReference; lastKnownFileType = image.png; path = view.png; sourceTree = "<group>"; };
		D4BE74AD180D2A74008028DA /* P3DMenuViewController.h */ = {isa = PBXFileReference; fileEncoding = 4; lastKnownFileType = sourcecode.c.h; path = P3DMenuViewController.h; sourceTree = "<group>"; };
		D4BE74AE180D2A74008028DA /* P3DMenuViewController.mm */ = {isa = PBXFileReference; fileEncoding = 4; lastKnownFileType = sourcecode.cpp.objcpp; path = P3DMenuViewController.mm; sourceTree = "<group>"; };
		D4BE74B1180D2D40008028DA /* en */ = {isa = PBXFileReference; lastKnownFileType = text.plist.strings; name = en; path = "Present3D-Control/en.lproj/Localizable.strings"; sourceTree = "<group>"; };
		D4BE74B3180D321B008028DA /* P3DAppInterface.cpp */ = {isa = PBXFileReference; fileEncoding = 4; lastKnownFileType = sourcecode.cpp.cpp; path = P3DAppInterface.cpp; sourceTree = "<group>"; };
		D4BE74B4180D321B008028DA /* P3DAppInterface.h */ = {isa = PBXFileReference; fileEncoding = 4; lastKnownFileType = sourcecode.c.h; path = P3DAppInterface.h; sourceTree = "<group>"; };
		D4BE7697180D38DD008028DA /* IOSUtils.h */ = {isa = PBXFileReference; fileEncoding = 4; lastKnownFileType = sourcecode.c.h; path = IOSUtils.h; sourceTree = "<group>"; };
		D4BE7698180D38DD008028DA /* IOSUtils.mm */ = {isa = PBXFileReference; fileEncoding = 4; lastKnownFileType = sourcecode.cpp.objcpp; path = IOSUtils.mm; sourceTree = "<group>"; };
		D4D50266180E89CB00F445D4 /* ReadFileCompleteHandler.cpp */ = {isa = PBXFileReference; fileEncoding = 4; lastKnownFileType = sourcecode.cpp.cpp; path = ReadFileCompleteHandler.cpp; sourceTree = "<group>"; };
		D4D50267180E89CB00F445D4 /* ReadFileCompleteHandler.h */ = {isa = PBXFileReference; fileEncoding = 4; lastKnownFileType = sourcecode.c.h; path = ReadFileCompleteHandler.h; sourceTree = "<group>"; };
		D4D50269180E89FA00F445D4 /* FileCollection.cpp */ = {isa = PBXFileReference; fileEncoding = 4; lastKnownFileType = sourcecode.cpp.cpp; path = FileCollection.cpp; sourceTree = "<group>"; };
		D4D5026A180E89FA00F445D4 /* FileCollection.h */ = {isa = PBXFileReference; fileEncoding = 4; lastKnownFileType = sourcecode.c.h; path = FileCollection.h; sourceTree = "<group>"; };
		D4D5026C180E8AE600F445D4 /* ReadFileThread.cpp */ = {isa = PBXFileReference; fileEncoding = 4; lastKnownFileType = sourcecode.cpp.cpp; path = ReadFileThread.cpp; sourceTree = "<group>"; };
		D4D5026D180E8AE600F445D4 /* ReadFileThread.h */ = {isa = PBXFileReference; fileEncoding = 4; lastKnownFileType = sourcecode.c.h; path = ReadFileThread.h; sourceTree = "<group>"; };
/* End PBXFileReference section */

/* Begin PBXFrameworksBuildPhase section */
		D4A89359180BD70700ACB0B9 /* Frameworks */ = {
			isa = PBXFrameworksBuildPhase;
			buildActionMask = 2147483647;
			files = (
				D481CB3E1826B72F00C967B0 /* Accelerate.framework in Frameworks */,
				D481CB3C1826B6C900C967B0 /* MobileCoreServices.framework in Frameworks */,
				D481CB3A1826B6B400C967B0 /* ImageIO.framework in Frameworks */,
				D481CB381826B68900C967B0 /* CoreImage.framework in Frameworks */,
				D46015D01826B5FA003EA6E3 /* CoreMedia.framework in Frameworks */,
				D46015CE1826B5F1003EA6E3 /* libz.dylib in Frameworks */,
				D4713E8E182BD66E0010010F /* Crashlytics.framework in Frameworks */,
				D4A89362180BD70700ACB0B9 /* CoreGraphics.framework in Frameworks */,
				D4A89364180BD70700ACB0B9 /* UIKit.framework in Frameworks */,
				D4A89360180BD70700ACB0B9 /* Foundation.framework in Frameworks */,
			);
			runOnlyForDeploymentPostprocessing = 0;
		};
		D4A8937A180BD70700ACB0B9 /* Frameworks */ = {
			isa = PBXFrameworksBuildPhase;
			buildActionMask = 2147483647;
			files = (
				D4A8937F180BD70700ACB0B9 /* XCTest.framework in Frameworks */,
				D4A89381180BD70700ACB0B9 /* UIKit.framework in Frameworks */,
				D4A89380180BD70700ACB0B9 /* Foundation.framework in Frameworks */,
			);
			runOnlyForDeploymentPostprocessing = 0;
		};
/* End PBXFrameworksBuildPhase section */

/* Begin PBXGroup section */
		D41CD6DF189C1CDA000B1599 /* presentations */ = {
			isa = PBXGroup;
			children = (
				D49BECF7192357FF00B37809 /* iphone4 */,
				D49BECCA192356B000B37809 /* iphone5 */,
				D4BB8DE818D1A99300F6747D /* alpha_alt.png */,
				D4BB8DE918D1A99300F6747D /* alpha.png */,
				D4BB8DEA18D1A99300F6747D /* back_h.png */,
				D4BB8DEB18D1A99300F6747D /* back.png */,
				D4BB8DEC18D1A99300F6747D /* back2.png */,
				D4BB8DED18D1A99300F6747D /* back3.png */,
				D4BB8DEE18D1A99300F6747D /* click_t_alt.png */,
				D4BB8DEF18D1A99300F6747D /* click_t.png */,
				D4BB8DF018D1A99300F6747D /* click.png */,
				D4BB8DF118D1A99300F6747D /* Control Panel@ipad.p3d */,
				D4BB8DF318D1A99300F6747D /* cursor_alt.png */,
				D4BB8DF418D1A99300F6747D /* cursor.png */,
				D4BB8DF518D1A99300F6747D /* density_alt.png */,
				D4BB8DF618D1A99300F6747D /* density.png */,
				D4BB8DF718D1A99300F6747D /* display_alt.png */,
				D4BB8DF818D1A99300F6747D /* display.png */,
				D4BB8DF918D1A99300F6747D /* down_alt.png */,
				D4BB8DFA18D1A99300F6747D /* down.png */,
				D4BB8DFB18D1A99300F6747D /* first_alt.png */,
				D4BB8DFC18D1A99300F6747D /* first.png */,
				D4BB8DFD18D1A99300F6747D /* five_alt.png */,
				D4BB8DFE18D1A99300F6747D /* five.png */,
				D4BB8DFF18D1A99300F6747D /* four_alt.png */,
				D4BB8E0018D1A99300F6747D /* four.png */,
				D4BB8E0118D1A99300F6747D /* global_alt.png */,
				D4BB8E0218D1A99300F6747D /* global.png */,
				D4BB8E0318D1A99300F6747D /* h_dots.png */,
				D4BB8E0418D1A99300F6747D /* h_line.png */,
				D4BB8E0518D1A99300F6747D /* help_alt.png */,
				D4BB8E0618D1A99300F6747D /* help_back_alt_org.png */,
				D4BB8E0718D1A99300F6747D /* help_back_alt.png */,
				D4BB8E0818D1A99300F6747D /* help_back_org.png */,
				D4BB8E0918D1A99300F6747D /* help_back.png */,
				D4BB8E0A18D1A99300F6747D /* help_layer.png */,
				D4BB8E0B18D1A99300F6747D /* help.png */,
				D4BB8E0C18D1A99300F6747D /* last_alt.png */,
				D4BB8E0D18D1A99300F6747D /* last.png */,
				D4BB8E0E18D1A99300F6747D /* minus_alt.png */,
				D4BB8E0F18D1A99300F6747D /* minus.png */,
				D4BB8E1018D1A99300F6747D /* move_alt.png */,
				D4BB8E1118D1A99300F6747D /* move.png */,
				D4BB8E1218D1A99300F6747D /* nevis.ttf */,
				D4BB8E1318D1A99300F6747D /* next_alt.png */,
				D4BB8E1418D1A99300F6747D /* next_m_alt.png */,
				D4BB8E1518D1A99300F6747D /* next_m.png */,
				D4BB8E1618D1A99300F6747D /* next.png */,
				D4BB8E1718D1A99300F6747D /* one_alt.png */,
				D4BB8E1818D1A99300F6747D /* one.png */,
				D4BB8E1918D1A99300F6747D /* p3d_logo.png */,
				D4BB8E1A18D1A99300F6747D /* pause_alt.png */,
				D4BB8E1B18D1A99300F6747D /* pause.png */,
				D4BB8E1C18D1A99300F6747D /* play_alt.png */,
				D4BB8E1D18D1A99300F6747D /* play.png */,
				D4BB8E1E18D1A99300F6747D /* plus_alt.png */,
				D4BB8E1F18D1A99300F6747D /* plus.png */,
				D4BB8E2018D1A99300F6747D /* prev_alt.png */,
				D4BB8E2118D1A99300F6747D /* prev.png */,
				D4BB8E2218D1A99300F6747D /* redm.png */,
				D4BB8E2318D1A99300F6747D /* reset_t_alt.png */,
				D4BB8E2418D1A99300F6747D /* reset_t.png */,
				D4BB8E2518D1A99300F6747D /* reset.png */,
				D4BB8E2618D1A99300F6747D /* restart_alt.png */,
				D4BB8E2718D1A99300F6747D /* restart.png */,
				D4BB8E2818D1A99300F6747D /* six_alt.png */,
				D4BB8E2918D1A99300F6747D /* six.png */,
				D4BB8E2A18D1A99300F6747D /* three_alt.png */,
				D4BB8E2B18D1A99300F6747D /* three.png */,
				D4BB8E2C18D1A99300F6747D /* touchpad.png */,
				D4BB8E2D18D1A99300F6747D /* trans_alt.png */,
				D4BB8E2E18D1A99300F6747D /* trans.png */,
				D4BB8E2F18D1A99300F6747D /* two_alt.png */,
				D4BB8E3018D1A99300F6747D /* two.png */,
				D4BB8E3118D1A99300F6747D /* up_alt.png */,
				D4BB8E3218D1A99300F6747D /* up.png */,
				D4BB8E3318D1A99300F6747D /* v_dots.png */,
				D4BB8E3418D1A99300F6747D /* v_line.png */,
				D4BB8E3518D1A99300F6747D /* view_alt.png */,
				D4BB8E3618D1A99300F6747D /* view.png */,
			);
			path = presentations;
			sourceTree = "<group>";
		};
		D49BECCA192356B000B37809 /* iphone5 */ = {
			isa = PBXGroup;
			children = (
				D49BED1419235ADC00B37809 /* Control Panel@iphone5.p3d */,
				D49BED1519235ADC00B37809 /* iphone5.jpg */,
				D49BED1619235ADC00B37809 /* px_box.png */,
				D49BED1719235ADC00B37809 /* px.png */,
			);
			path = iphone5;
			sourceTree = "<group>";
		};
		D49BECF7192357FF00B37809 /* iphone4 */ = {
			isa = PBXGroup;
			children = (
				D49BECF8192357FF00B37809 /* Control Panel@iphone.p3d */,
				D49BECF9192357FF00B37809 /* iphone4c.jpg */,
				D49BECFA192357FF00B37809 /* p_1.png */,
				D49BECFB192357FF00B37809 /* p_2.png */,
				D49BECFC192357FF00B37809 /* p_3.png */,
				D49BECFD192357FF00B37809 /* p_4.png */,
				D49BECFE192357FF00B37809 /* p_5.png */,
				D49BECFF192357FF00B37809 /* p_6.png */,
				D49BED00192357FF00B37809 /* p_box.png */,
				D49BED01192357FF00B37809 /* p_next.png */,
				D49BED02192357FF00B37809 /* p_prev.png */,
				D49BED03192357FF00B37809 /* p_reset.png */,
				D49BED04192357FF00B37809 /* p_touch.png */,
				D49BED05192357FF00B37809 /* p_up.png */,
			);
			path = iphone4;
			sourceTree = "<group>";
		};
		D4A89353180BD70700ACB0B9 = {
			isa = PBXGroup;
			children = (
				D46015CB18269ACD003EA6E3 /* Present3D-Common.xcconfig */,
				D46015C8182699B2003EA6E3 /* Present3D-Debug.xcconfig */,
				D46015C918269A77003EA6E3 /* Present3D-Release.xcconfig */,
				D4A89365180BD70700ACB0B9 /* Present3D-Control */,
				D4A89384180BD70700ACB0B9 /* Present3D-ControlTests */,
				D4A8935E180BD70700ACB0B9 /* Frameworks */,
				D4A8935D180BD70700ACB0B9 /* Products */,
			);
			sourceTree = "<group>";
		};
		D4A8935D180BD70700ACB0B9 /* Products */ = {
			isa = PBXGroup;
			children = (
				D4A8935C180BD70700ACB0B9 /* Present3D-Control.app */,
				D4A8937D180BD70700ACB0B9 /* Present3D-ControlTests.xctest */,
			);
			name = Products;
			sourceTree = "<group>";
		};
		D4A8935E180BD70700ACB0B9 /* Frameworks */ = {
			isa = PBXGroup;
			children = (
				D4713E8D182BD66E0010010F /* Crashlytics.framework */,
				D481CB3D1826B72F00C967B0 /* Accelerate.framework */,
				D481CB3B1826B6C900C967B0 /* MobileCoreServices.framework */,
				D481CB391826B6B400C967B0 /* ImageIO.framework */,
				D481CB371826B68900C967B0 /* CoreImage.framework */,
				D46015CF1826B5FA003EA6E3 /* CoreMedia.framework */,
				D46015CD1826B5F1003EA6E3 /* libz.dylib */,
				D4A8935F180BD70700ACB0B9 /* Foundation.framework */,
				D4A89361180BD70700ACB0B9 /* CoreGraphics.framework */,
				D4A89363180BD70700ACB0B9 /* UIKit.framework */,
				D4A8937E180BD70700ACB0B9 /* XCTest.framework */,
			);
			name = Frameworks;
			sourceTree = "<group>";
		};
		D4A89365180BD70700ACB0B9 /* Present3D-Control */ = {
			isa = PBXGroup;
			children = (
				D4A8939B180BEE5800ACB0B9 /* vendor */,
				D4A89394180BD86000ACB0B9 /* src */,
				D4A89371180BD70700ACB0B9 /* Main.storyboard */,
				D4A89377180BD70700ACB0B9 /* Images.xcassets */,
				D4A89366180BD70700ACB0B9 /* Supporting Files */,
			);
			path = "Present3D-Control";
			sourceTree = "<group>";
		};
		D4A89366180BD70700ACB0B9 /* Supporting Files */ = {
			isa = PBXGroup;
			children = (
				D41CD6DF189C1CDA000B1599 /* presentations */,
				D4A89367180BD70700ACB0B9 /* Present3D-Control-Info.plist */,
				D4BE74B0180D2D40008028DA /* Localizable.strings */,
				D4A89368180BD70700ACB0B9 /* InfoPlist.strings */,
				D4A8936B180BD70700ACB0B9 /* main.m */,
				D4A8936D180BD70700ACB0B9 /* Present3D-Control-Prefix.pch */,
			);
			name = "Supporting Files";
			sourceTree = "<group>";
		};
		D4A89384180BD70700ACB0B9 /* Present3D-ControlTests */ = {
			isa = PBXGroup;
			children = (
				D4A8938A180BD70700ACB0B9 /* Present3D_ControlTests.m */,
				D4A89385180BD70700ACB0B9 /* Supporting Files */,
			);
			path = "Present3D-ControlTests";
			sourceTree = "<group>";
		};
		D4A89385180BD70700ACB0B9 /* Supporting Files */ = {
			isa = PBXGroup;
			children = (
				D4A89386180BD70700ACB0B9 /* Present3D-ControlTests-Info.plist */,
				D4A89387180BD70700ACB0B9 /* InfoPlist.strings */,
			);
			name = "Supporting Files";
			sourceTree = "<group>";
		};
		D4A89394180BD86000ACB0B9 /* src */ = {
			isa = PBXGroup;
			children = (
				D4D50265180E899F00F445D4 /* C++ */,
				D4D50264180E899700F445D4 /* Tools */,
				D4D50263180E898D00F445D4 /* UI */,
			);
			path = src;
			sourceTree = SOURCE_ROOT;
		};
		D4A8939B180BEE5800ACB0B9 /* vendor */ = {
			isa = PBXGroup;
			children = (
				D4A8939C180BEE6F00ACB0B9 /* ECSlidingViewController */,
			);
			name = vendor;
			sourceTree = "<group>";
		};
		D4A8939C180BEE6F00ACB0B9 /* ECSlidingViewController */ = {
			isa = PBXGroup;
			children = (
				D4A8939D180BEE6F00ACB0B9 /* ECSlidingViewController.h */,
				D4A8939E180BEE6F00ACB0B9 /* ECSlidingViewController.m */,
			);
			name = ECSlidingViewController;
			path = vendor/ECSlidingViewController/ECSlidingViewController/Vendor/ECSlidingViewController;
			sourceTree = SOURCE_ROOT;
		};
		D4D50263180E898D00F445D4 /* UI */ = {
			isa = PBXGroup;
			children = (
				D4A89395180BD86000ACB0B9 /* P3DAppDelegate.h */,
				D4A89396180BD86000ACB0B9 /* P3DAppDelegate.mm */,
				D4A893A0180BF0BF00ACB0B9 /* P3DSceneViewController.h */,
				D4A893A1180BF0BF00ACB0B9 /* P3DSceneViewController.mm */,
				D4A89397180BD86000ACB0B9 /* P3DRootViewController.h */,
				D4A89398180BD86000ACB0B9 /* P3DRootViewController.m */,
				D4BE74AD180D2A74008028DA /* P3DMenuViewController.h */,
				D4BE74AE180D2A74008028DA /* P3DMenuViewController.mm */,
				D48F47311811521C00A2F8E7 /* P3DTextfieldTableViewCell.h */,
				D48F47321811521C00A2F8E7 /* P3DTextfieldTableViewCell.m */,
				D42498A618166158002C8418 /* P3DSwitchTableViewCell.h */,
				D42498A718166158002C8418 /* P3DSwitchTableViewCell.m */,
				D463C405181668570038BD75 /* P3DLabelTextfieldTableViewCell.h */,
				D463C406181668570038BD75 /* P3DLabelTextfieldTableViewCell.m */,
				D463C4081816700C0038BD75 /* P3DOSCSettingsController.h */,
				D463C4091816700C0038BD75 /* P3DOSCSettingsController.mm */,
				D4A6C7651898FAAE0058BD96 /* P3DOSCHostPickerViewController.h */,
				D4A6C7661898FAAE0058BD96 /* P3DOSCHostPickerViewController.mm */,
			);
			name = UI;
			sourceTree = "<group>";
		};
		D4D50264180E899700F445D4 /* Tools */ = {
			isa = PBXGroup;
			children = (
				D4BE7697180D38DD008028DA /* IOSUtils.h */,
				D4BE7698180D38DD008028DA /* IOSUtils.mm */,
			);
			name = Tools;
			sourceTree = "<group>";
		};
		D4D50265180E899F00F445D4 /* C++ */ = {
			isa = PBXGroup;
			children = (
				D4BE74B3180D321B008028DA /* P3DAppInterface.cpp */,
				D4BE74B4180D321B008028DA /* P3DAppInterface.h */,
				D4D50266180E89CB00F445D4 /* ReadFileCompleteHandler.cpp */,
				D4D50267180E89CB00F445D4 /* ReadFileCompleteHandler.h */,
				D4D50269180E89FA00F445D4 /* FileCollection.cpp */,
				D4D5026A180E89FA00F445D4 /* FileCollection.h */,
				D4D5026C180E8AE600F445D4 /* ReadFileThread.cpp */,
				D4D5026D180E8AE600F445D4 /* ReadFileThread.h */,
				D4A318F518295931006584AD /* ToggleMultitouchTrackball.cpp */,
				D4A318F618295931006584AD /* ToggleMultitouchTrackball.h */,
				D4713E8F182BFB5B0010010F /* ZeroConfDiscoverEventHandler.cpp */,
				D4713E90182BFB5B0010010F /* ZeroConfDiscoverEventHandler.h */,
				D41F61DE18310C78006FDEDF /* OscController.cpp */,
				D41F61DF18310C78006FDEDF /* OscController.h */,
			);
			name = "C++";
			sourceTree = "<group>";
		};
/* End PBXGroup section */

/* Begin PBXNativeTarget section */
		D4A8935B180BD70700ACB0B9 /* Present3D-Control */ = {
			isa = PBXNativeTarget;
			buildConfigurationList = D4A8938E180BD70700ACB0B9 /* Build configuration list for PBXNativeTarget "Present3D-Control" */;
			buildPhases = (
				D4A89358180BD70700ACB0B9 /* Sources */,
				D4A89359180BD70700ACB0B9 /* Frameworks */,
				D4A8935A180BD70700ACB0B9 /* Resources */,
				D4713E8C182BD6320010010F /* ShellScript */,
			);
			buildRules = (
			);
			dependencies = (
			);
			name = "Present3D-Control";
			productName = "Present3D-Control";
			productReference = D4A8935C180BD70700ACB0B9 /* Present3D-Control.app */;
			productType = "com.apple.product-type.application";
		};
		D4A8937C180BD70700ACB0B9 /* Present3D-ControlTests */ = {
			isa = PBXNativeTarget;
			buildConfigurationList = D4A89391180BD70700ACB0B9 /* Build configuration list for PBXNativeTarget "Present3D-ControlTests" */;
			buildPhases = (
				D4A89379180BD70700ACB0B9 /* Sources */,
				D4A8937A180BD70700ACB0B9 /* Frameworks */,
				D4A8937B180BD70700ACB0B9 /* Resources */,
			);
			buildRules = (
			);
			dependencies = (
				D4A89383180BD70700ACB0B9 /* PBXTargetDependency */,
			);
			name = "Present3D-ControlTests";
			productName = "Present3D-ControlTests";
			productReference = D4A8937D180BD70700ACB0B9 /* Present3D-ControlTests.xctest */;
			productType = "com.apple.product-type.bundle.unit-test";
		};
/* End PBXNativeTarget section */

/* Begin PBXProject section */
		D4A89354180BD70700ACB0B9 /* Project object */ = {
			isa = PBXProject;
			attributes = {
				CLASSPREFIX = P3D;
				LastUpgradeCheck = 0510;
				ORGANIZATIONNAME = "Stephan Huber";
				TargetAttributes = {
					D4A8935B180BD70700ACB0B9 = {
						DevelopmentTeam = KBFUZ926G3;
					};
					D4A8937C180BD70700ACB0B9 = {
						TestTargetID = D4A8935B180BD70700ACB0B9;
					};
				};
			};
			buildConfigurationList = D4A89357180BD70700ACB0B9 /* Build configuration list for PBXProject "Present3D-Control" */;
			compatibilityVersion = "Xcode 3.2";
			developmentRegion = English;
			hasScannedForEncodings = 0;
			knownRegions = (
				en,
				Base,
			);
			mainGroup = D4A89353180BD70700ACB0B9;
			productRefGroup = D4A8935D180BD70700ACB0B9 /* Products */;
			projectDirPath = "";
			projectRoot = "";
			targets = (
				D4A8935B180BD70700ACB0B9 /* Present3D-Control */,
				D4A8937C180BD70700ACB0B9 /* Present3D-ControlTests */,
			);
		};
/* End PBXProject section */

/* Begin PBXResourcesBuildPhase section */
		D4A8935A180BD70700ACB0B9 /* Resources */ = {
			isa = PBXResourcesBuildPhase;
			buildActionMask = 2147483647;
			files = (
				D4BB8E6218D1A99300F6747D /* next_alt.png in Resources */,
				D4BB8E4D18D1A99300F6747D /* five.png in Resources */,
				D4BB8E3C18D1A99300F6747D /* back3.png in Resources */,
				D4BB8E6518D1A99300F6747D /* next.png in Resources */,
				D4BB8E6018D1A99300F6747D /* move.png in Resources */,
				D49BED0B192357FF00B37809 /* p_4.png in Resources */,
				D49BED11192357FF00B37809 /* p_reset.png in Resources */,
				D4BB8E4C18D1A99300F6747D /* five_alt.png in Resources */,
				D49BED1B19235ADD00B37809 /* px_box.png in Resources */,
				D4BB8E3E18D1A99300F6747D /* click_t.png in Resources */,
				D4BB8E6118D1A99300F6747D /* nevis.ttf in Resources */,
				D4BB8E7A18D1A99300F6747D /* three.png in Resources */,
				D4BB8E5118D1A99300F6747D /* global.png in Resources */,
				D49BED1919235ADD00B37809 /* Control Panel@iphone5.p3d in Resources */,
				D4BB8E6B18D1A99300F6747D /* play_alt.png in Resources */,
				D4BB8E3D18D1A99300F6747D /* click_t_alt.png in Resources */,
				D4BB8E4618D1A99300F6747D /* display_alt.png in Resources */,
				D4BB8E4718D1A99300F6747D /* display.png in Resources */,
				D4BB8E8118D1A99300F6747D /* up.png in Resources */,
				D49BED06192357FF00B37809 /* Control Panel@iphone.p3d in Resources */,
				D49BED0D192357FF00B37809 /* p_6.png in Resources */,
				D4BB8E5818D1A99300F6747D /* help_back.png in Resources */,
				D4BB8E7718D1A99300F6747D /* six_alt.png in Resources */,
				D4BB8E5918D1A99300F6747D /* help_layer.png in Resources */,
				D4BB8E7F18D1A99300F6747D /* two.png in Resources */,
				D4BB8E5E18D1A99300F6747D /* minus.png in Resources */,
				D49BED0F192357FF00B37809 /* p_next.png in Resources */,
				D49BED07192357FF00B37809 /* iphone4c.jpg in Resources */,
				D4BB8E7C18D1A99300F6747D /* trans_alt.png in Resources */,
				D4BB8E3918D1A99300F6747D /* back_h.png in Resources */,
				D49BED0A192357FF00B37809 /* p_3.png in Resources */,
				D4BB8E6918D1A99300F6747D /* pause_alt.png in Resources */,
				D4BB8E3718D1A99300F6747D /* alpha_alt.png in Resources */,
				D4BB8E3F18D1A99300F6747D /* click.png in Resources */,
				D4BB8E5C18D1A99300F6747D /* last.png in Resources */,
				D4BB8E7E18D1A99300F6747D /* two_alt.png in Resources */,
				D49BED10192357FF00B37809 /* p_prev.png in Resources */,
				D4BB8E7418D1A99300F6747D /* reset.png in Resources */,
				D4BB8E8218D1A99300F6747D /* v_dots.png in Resources */,
				D4BB8E3818D1A99300F6747D /* alpha.png in Resources */,
				D4BB8E6D18D1A99300F6747D /* plus_alt.png in Resources */,
				D4BB8E4918D1A99300F6747D /* down.png in Resources */,
				D49BED12192357FF00B37809 /* p_touch.png in Resources */,
				D49BED1A19235ADD00B37809 /* iphone5.jpg in Resources */,
				D49BED08192357FF00B37809 /* p_1.png in Resources */,
				D49BED1C19235ADD00B37809 /* px.png in Resources */,
				D4BB8E5318D1A99300F6747D /* h_line.png in Resources */,
				D4BB8E4318D1A99300F6747D /* cursor.png in Resources */,
				D4BB8E8018D1A99300F6747D /* up_alt.png in Resources */,
				D4BB8E5618D1A99300F6747D /* help_back_alt.png in Resources */,
				D4BB8E5A18D1A99300F6747D /* help.png in Resources */,
				D4BB8E5518D1A99300F6747D /* help_back_alt_org.png in Resources */,
				D4A89378180BD70700ACB0B9 /* Images.xcassets in Resources */,
				D4BE74B2180D2D40008028DA /* Localizable.strings in Resources */,
				D4BB8E4E18D1A99300F6747D /* four_alt.png in Resources */,
				D4BB8E5018D1A99300F6747D /* global_alt.png in Resources */,
				D4BB8E5218D1A99300F6747D /* h_dots.png in Resources */,
				D4BB8E7118D1A99300F6747D /* redm.png in Resources */,
				D4BB8E4018D1A99300F6747D /* Control Panel@ipad.p3d in Resources */,
				D4BB8E7618D1A99300F6747D /* restart.png in Resources */,
				D4BB8E5F18D1A99300F6747D /* move_alt.png in Resources */,
				D4BB8E3A18D1A99300F6747D /* back.png in Resources */,
				D4BB8E5418D1A99300F6747D /* help_alt.png in Resources */,
				D4BB8E6F18D1A99300F6747D /* prev_alt.png in Resources */,
				D4BB8E5B18D1A99300F6747D /* last_alt.png in Resources */,
				D4BB8E6818D1A99300F6747D /* p3d_logo.png in Resources */,
				D4BB8E6C18D1A99300F6747D /* play.png in Resources */,
				D4BB8E7518D1A99300F6747D /* restart_alt.png in Resources */,
				D49BED0E192357FF00B37809 /* p_box.png in Resources */,
				D4BB8E4418D1A99300F6747D /* density_alt.png in Resources */,
				D4BB8E3B18D1A99300F6747D /* back2.png in Resources */,
				D49BED13192357FF00B37809 /* p_up.png in Resources */,
				D4BB8E6318D1A99300F6747D /* next_m_alt.png in Resources */,
				D4BB8E6718D1A99300F6747D /* one.png in Resources */,
				D49BED0C192357FF00B37809 /* p_5.png in Resources */,
				D4A8936A180BD70700ACB0B9 /* InfoPlist.strings in Resources */,
				D4BB8E7818D1A99300F6747D /* six.png in Resources */,
				D49BED09192357FF00B37809 /* p_2.png in Resources */,
				D4BB8E5718D1A99300F6747D /* help_back_org.png in Resources */,
				D4BB8E8318D1A99300F6747D /* v_line.png in Resources */,
				D4BB8E4A18D1A99300F6747D /* first_alt.png in Resources */,
				D4BB8E4B18D1A99300F6747D /* first.png in Resources */,
				D4BB8E6A18D1A99300F6747D /* pause.png in Resources */,
				D4BB8E7218D1A99300F6747D /* reset_t_alt.png in Resources */,
				D4BB8E7318D1A99300F6747D /* reset_t.png in Resources */,
				D4BB8E6418D1A99300F6747D /* next_m.png in Resources */,
				D4BB8E6618D1A99300F6747D /* one_alt.png in Resources */,
				D4BB8E8518D1A99300F6747D /* view.png in Resources */,
				D4BB8E4F18D1A99300F6747D /* four.png in Resources */,
				D4BB8E7018D1A99300F6747D /* prev.png in Resources */,
				D4BB8E4518D1A99300F6747D /* density.png in Resources */,
				D4A89373180BD70700ACB0B9 /* Main.storyboard in Resources */,
				D4BB8E4218D1A99300F6747D /* cursor_alt.png in Resources */,
				D4BB8E7D18D1A99300F6747D /* trans.png in Resources */,
				D4BB8E8418D1A99300F6747D /* view_alt.png in Resources */,
				D4BB8E6E18D1A99300F6747D /* plus.png in Resources */,
				D4BB8E7B18D1A99300F6747D /* touchpad.png in Resources */,
				D4BB8E5D18D1A99300F6747D /* minus_alt.png in Resources */,
				D4BB8E4818D1A99300F6747D /* down_alt.png in Resources */,
				D4BB8E7918D1A99300F6747D /* three_alt.png in Resources */,
			);
			runOnlyForDeploymentPostprocessing = 0;
		};
		D4A8937B180BD70700ACB0B9 /* Resources */ = {
			isa = PBXResourcesBuildPhase;
			buildActionMask = 2147483647;
			files = (
				D4A89389180BD70700ACB0B9 /* InfoPlist.strings in Resources */,
			);
			runOnlyForDeploymentPostprocessing = 0;
		};
/* End PBXResourcesBuildPhase section */

/* Begin PBXShellScriptBuildPhase section */
		D4713E8C182BD6320010010F /* ShellScript */ = {
			isa = PBXShellScriptBuildPhase;
			buildActionMask = 2147483647;
			files = (
			);
			inputPaths = (
			);
			outputPaths = (
			);
			runOnlyForDeploymentPostprocessing = 0;
			shellPath = "./Crashlytics.framework/run c21a7f3b9b7155c2dc0ac29a3a93ddba01a41289";
			shellScript = "";
		};
/* End PBXShellScriptBuildPhase section */

/* Begin PBXSourcesBuildPhase section */
		D4A89358180BD70700ACB0B9 /* Sources */ = {
			isa = PBXSourcesBuildPhase;
			buildActionMask = 2147483647;
			files = (
				D4A893A2180BF0BF00ACB0B9 /* P3DSceneViewController.mm in Sources */,
				D4BE74B5180D321B008028DA /* P3DAppInterface.cpp in Sources */,
				D4D50268180E89CB00F445D4 /* ReadFileCompleteHandler.cpp in Sources */,
				D4A6C7671898FAAE0058BD96 /* P3DOSCHostPickerViewController.mm in Sources */,
				D48F47331811521C00A2F8E7 /* P3DTextfieldTableViewCell.m in Sources */,
				D4713E91182BFB5B0010010F /* ZeroConfDiscoverEventHandler.cpp in Sources */,
				D41F61E018310C78006FDEDF /* OscController.cpp in Sources */,
				D42498A818166158002C8418 /* P3DSwitchTableViewCell.m in Sources */,
				D4D5026E180E8AE600F445D4 /* ReadFileThread.cpp in Sources */,
				D4A89399180BD86000ACB0B9 /* P3DAppDelegate.mm in Sources */,
				D4D5026B180E89FA00F445D4 /* FileCollection.cpp in Sources */,
				D4A8939F180BEE6F00ACB0B9 /* ECSlidingViewController.m in Sources */,
				D4A8936C180BD70700ACB0B9 /* main.m in Sources */,
				D463C407181668570038BD75 /* P3DLabelTextfieldTableViewCell.m in Sources */,
				D4A8939A180BD86000ACB0B9 /* P3DRootViewController.m in Sources */,
				D463C40A1816700C0038BD75 /* P3DOSCSettingsController.mm in Sources */,
				D4BE74AF180D2A74008028DA /* P3DMenuViewController.mm in Sources */,
				D4A318F718295931006584AD /* ToggleMultitouchTrackball.cpp in Sources */,
				D4BE7699180D38DD008028DA /* IOSUtils.mm in Sources */,
			);
			runOnlyForDeploymentPostprocessing = 0;
		};
		D4A89379180BD70700ACB0B9 /* Sources */ = {
			isa = PBXSourcesBuildPhase;
			buildActionMask = 2147483647;
			files = (
				D4A8938B180BD70700ACB0B9 /* Present3D_ControlTests.m in Sources */,
			);
			runOnlyForDeploymentPostprocessing = 0;
		};
/* End PBXSourcesBuildPhase section */

/* Begin PBXTargetDependency section */
		D4A89383180BD70700ACB0B9 /* PBXTargetDependency */ = {
			isa = PBXTargetDependency;
			target = D4A8935B180BD70700ACB0B9 /* Present3D-Control */;
			targetProxy = D4A89382180BD70700ACB0B9 /* PBXContainerItemProxy */;
		};
/* End PBXTargetDependency section */

/* Begin PBXVariantGroup section */
		D4A89368180BD70700ACB0B9 /* InfoPlist.strings */ = {
			isa = PBXVariantGroup;
			children = (
				D4A89369180BD70700ACB0B9 /* en */,
			);
			name = InfoPlist.strings;
			sourceTree = "<group>";
		};
		D4A89371180BD70700ACB0B9 /* Main.storyboard */ = {
			isa = PBXVariantGroup;
			children = (
				D4A89372180BD70700ACB0B9 /* Base */,
			);
			name = Main.storyboard;
			sourceTree = "<group>";
		};
		D4A89387180BD70700ACB0B9 /* InfoPlist.strings */ = {
			isa = PBXVariantGroup;
			children = (
				D4A89388180BD70700ACB0B9 /* en */,
			);
			name = InfoPlist.strings;
			sourceTree = "<group>";
		};
		D4BE74B0180D2D40008028DA /* Localizable.strings */ = {
			isa = PBXVariantGroup;
			children = (
				D4BE74B1180D2D40008028DA /* en */,
			);
			name = Localizable.strings;
			path = ..;
			sourceTree = "<group>";
		};
/* End PBXVariantGroup section */

/* Begin XCBuildConfiguration section */
		D4A8938C180BD70700ACB0B9 /* Debug */ = {
			isa = XCBuildConfiguration;
			baseConfigurationReference = D46015C8182699B2003EA6E3 /* Present3D-Debug.xcconfig */;
			buildSettings = {
				ALWAYS_SEARCH_USER_PATHS = NO;
				ARCHS = "$(ARCHS_STANDARD_INCLUDING_64_BIT)";
				CLANG_CXX_LANGUAGE_STANDARD = "c++98";
				CLANG_CXX_LIBRARY = "libstdc++";
				CLANG_ENABLE_MODULES = YES;
				CLANG_ENABLE_OBJC_ARC = YES;
				CLANG_WARN_BOOL_CONVERSION = YES;
				CLANG_WARN_CONSTANT_CONVERSION = YES;
				CLANG_WARN_DIRECT_OBJC_ISA_USAGE = YES_ERROR;
				CLANG_WARN_EMPTY_BODY = YES;
				CLANG_WARN_ENUM_CONVERSION = YES;
				CLANG_WARN_INT_CONVERSION = YES;
				CLANG_WARN_OBJC_ROOT_CLASS = YES_ERROR;
				CLANG_WARN__DUPLICATE_METHOD_MATCH = YES;
				"CODE_SIGN_IDENTITY[sdk=iphoneos*]" = "iPhone Developer";
				COPY_PHASE_STRIP = NO;
				FRAMEWORK_SEARCH_PATHS = "";
				GCC_C_LANGUAGE_STANDARD = c99;
				GCC_DYNAMIC_NO_PIC = NO;
				GCC_OPTIMIZATION_LEVEL = 0;
				GCC_PREPROCESSOR_DEFINITIONS = (
					"DEBUG=1",
					"$(inherited)",
				);
				GCC_SYMBOLS_PRIVATE_EXTERN = NO;
				GCC_WARN_64_TO_32_BIT_CONVERSION = YES;
				GCC_WARN_ABOUT_RETURN_TYPE = YES_ERROR;
				GCC_WARN_UNDECLARED_SELECTOR = YES;
				GCC_WARN_UNINITIALIZED_AUTOS = YES;
				GCC_WARN_UNUSED_FUNCTION = YES;
				GCC_WARN_UNUSED_VARIABLE = YES;
				HEADER_SEARCH_PATHS = (
					"$(inherited)",
					/Applications/Xcode.app/Contents/Developer/Toolchains/XcodeDefault.xctoolchain/usr/include,
				);
				IPHONEOS_DEPLOYMENT_TARGET = 7.0;
				ONLY_ACTIVE_ARCH = YES;
				SDKROOT = iphoneos;
				TARGETED_DEVICE_FAMILY = 2;
			};
			name = Debug;
		};
		D4A8938D180BD70700ACB0B9 /* Release */ = {
			isa = XCBuildConfiguration;
			baseConfigurationReference = D46015C918269A77003EA6E3 /* Present3D-Release.xcconfig */;
			buildSettings = {
				ALWAYS_SEARCH_USER_PATHS = NO;
				ARCHS = "$(ARCHS_STANDARD_INCLUDING_64_BIT)";
				CLANG_CXX_LANGUAGE_STANDARD = "c++98";
				CLANG_CXX_LIBRARY = "libstdc++";
				CLANG_ENABLE_MODULES = YES;
				CLANG_ENABLE_OBJC_ARC = YES;
				CLANG_WARN_BOOL_CONVERSION = YES;
				CLANG_WARN_CONSTANT_CONVERSION = YES;
				CLANG_WARN_DIRECT_OBJC_ISA_USAGE = YES_ERROR;
				CLANG_WARN_EMPTY_BODY = YES;
				CLANG_WARN_ENUM_CONVERSION = YES;
				CLANG_WARN_INT_CONVERSION = YES;
				CLANG_WARN_OBJC_ROOT_CLASS = YES_ERROR;
				CLANG_WARN__DUPLICATE_METHOD_MATCH = YES;
				"CODE_SIGN_IDENTITY[sdk=iphoneos*]" = "iPhone Developer";
				COPY_PHASE_STRIP = YES;
				ENABLE_NS_ASSERTIONS = NO;
				FRAMEWORK_SEARCH_PATHS = "";
				GCC_C_LANGUAGE_STANDARD = c99;
				GCC_WARN_64_TO_32_BIT_CONVERSION = YES;
				GCC_WARN_ABOUT_RETURN_TYPE = YES_ERROR;
				GCC_WARN_UNDECLARED_SELECTOR = YES;
				GCC_WARN_UNINITIALIZED_AUTOS = YES;
				GCC_WARN_UNUSED_FUNCTION = YES;
				GCC_WARN_UNUSED_VARIABLE = YES;
				HEADER_SEARCH_PATHS = (
					"$(inherited)",
					/Applications/Xcode.app/Contents/Developer/Toolchains/XcodeDefault.xctoolchain/usr/include,
				);
				IPHONEOS_DEPLOYMENT_TARGET = 7.0;
				SDKROOT = iphoneos;
				TARGETED_DEVICE_FAMILY = 2;
				VALIDATE_PRODUCT = YES;
			};
			name = Release;
		};
		D4A8938F180BD70700ACB0B9 /* Debug */ = {
			isa = XCBuildConfiguration;
			buildSettings = {
				ASSETCATALOG_COMPILER_APPICON_NAME = "AppIcon-1";
				ASSETCATALOG_COMPILER_LAUNCHIMAGE_NAME = LaunchImage;
				CODE_SIGN_IDENTITY = "iPhone Developer";
				"CODE_SIGN_IDENTITY[sdk=iphoneos*]" = "iPhone Developer";
				DEBUG_INFORMATION_FORMAT = dwarf;
				FRAMEWORK_SEARCH_PATHS = (
					"$(inherited)",
					"/Volumes/Daten/dev/ios/present3d-control/Present3D-Control",
				);
				GCC_INLINES_ARE_PRIVATE_EXTERN = NO;
				GCC_PRECOMPILE_PREFIX_HEADER = YES;
				GCC_PREFIX_HEADER = "Present3D-Control/Present3D-Control-Prefix.pch";
				INFOPLIST_FILE = "Present3D-Control/Present3D-Control-Info.plist";
				ONLY_ACTIVE_ARCH = NO;
				OTHER_LDFLAGS = (
					"$(inherited)",
					"-lOpenThreadsd",
					"-losgd",
					"-losgDBd",
					"-losgGAd",
					"-losgUtild",
					"-losgViewerd",
					"-losgTextd",
					"-losgAnimationd",
					"-losgFXd",
					"-losgTerraind",
					"-losgVolumed",
					"-losgManipulatord",
					"-losgParticled",
					"-losgShadowd",
					"-losgPresentationd",
					"-losgSimd",
					"-losgdb_imageiod",
					"-losgdb_rgbd",
					"-losgdb_oscd",
					"-losgdb_zeroconfd",
					"-losgdb_p3dd",
					"-losgdb_freetyped",
					"-losgdb_curld",
					"-losgdb_osgd",
					"-losgdb_serializers_osgd",
					"-losgdb_osgd",
					"-losgdb_serializers_osggad",
					"-losgdb_serializers_osgFXd",
					"-losgdb_serializers_osgfxd",
					"-losgdb_serializers_osgvolumed",
					"-losgdb_serializers_osgtextd",
					"-losgdb_serializers_osgTerraind",
					"-losgdb_serializers_osgsimd",
					"-losgdb_serializers_osgshadowd",
					"-losgdb_serializers_osgparticled",
					"-losgdb_serializers_osgmanipulatord",
					"-losgdb_serializers_osganimationd",
					"-lcurl",
					"-lfreetype",
				);
				PRODUCT_NAME = "$(TARGET_NAME)";
				PROVISIONING_PROFILE = "52BDF591-0B8B-487E-902B-9EC31DED17D7";
				TARGETED_DEVICE_FAMILY = "1,2";
				VALID_ARCHS = "armv7 armv7s";
				WRAPPER_EXTENSION = app;
			};
			name = Debug;
		};
		D4A89390180BD70700ACB0B9 /* Release */ = {
			isa = XCBuildConfiguration;
			buildSettings = {
				ASSETCATALOG_COMPILER_APPICON_NAME = "AppIcon-1";
				ASSETCATALOG_COMPILER_LAUNCHIMAGE_NAME = LaunchImage;
				CODE_SIGN_IDENTITY = "iPhone Distribution: Digital Learning Foundation (KBFUZ926G3)";
				"CODE_SIGN_IDENTITY[sdk=iphoneos*]" = "iPhone Distribution: Digital Learning Foundation (KBFUZ926G3)";
				DEBUG_INFORMATION_FORMAT = "dwarf-with-dsym";
				FRAMEWORK_SEARCH_PATHS = (
					"$(inherited)",
					"/Volumes/Daten/dev/ios/present3d-control/Present3D-Control",
				);
				GCC_INLINES_ARE_PRIVATE_EXTERN = NO;
				GCC_PRECOMPILE_PREFIX_HEADER = YES;
				GCC_PREFIX_HEADER = "Present3D-Control/Present3D-Control-Prefix.pch";
				GCC_SYMBOLS_PRIVATE_EXTERN = NO;
				INFOPLIST_FILE = "Present3D-Control/Present3D-Control-Info.plist";
				PRODUCT_NAME = "$(TARGET_NAME)";
				PROVISIONING_PROFILE = "52BDF591-0B8B-487E-902B-9EC31DED17D7";
				TARGETED_DEVICE_FAMILY = "1,2";
				VALID_ARCHS = "armv7 armv7s";
				WRAPPER_EXTENSION = app;
			};
			name = Release;
		};
		D4A89392180BD70700ACB0B9 /* Debug */ = {
			isa = XCBuildConfiguration;
			buildSettings = {
				ARCHS = "$(ARCHS_STANDARD_INCLUDING_64_BIT)";
				BUNDLE_LOADER = "$(BUILT_PRODUCTS_DIR)/Present3D-Control.app/Present3D-Control";
				FRAMEWORK_SEARCH_PATHS = (
					"$(SDKROOT)/Developer/Library/Frameworks",
					"$(inherited)",
					"$(DEVELOPER_FRAMEWORKS_DIR)",
				);
				GCC_PRECOMPILE_PREFIX_HEADER = YES;
				GCC_PREFIX_HEADER = "Present3D-Control/Present3D-Control-Prefix.pch";
				GCC_PREPROCESSOR_DEFINITIONS = (
					"DEBUG=1",
					"$(inherited)",
				);
				INFOPLIST_FILE = "Present3D-ControlTests/Present3D-ControlTests-Info.plist";
				PRODUCT_NAME = "$(TARGET_NAME)";
				TEST_HOST = "$(BUNDLE_LOADER)";
				WRAPPER_EXTENSION = xctest;
			};
			name = Debug;
		};
		D4A89393180BD70700ACB0B9 /* Release */ = {
			isa = XCBuildConfiguration;
			buildSettings = {
				ARCHS = "$(ARCHS_STANDARD_INCLUDING_64_BIT)";
				BUNDLE_LOADER = "$(BUILT_PRODUCTS_DIR)/Present3D-Control.app/Present3D-Control";
				FRAMEWORK_SEARCH_PATHS = (
					"$(SDKROOT)/Developer/Library/Frameworks",
					"$(inherited)",
					"$(DEVELOPER_FRAMEWORKS_DIR)",
				);
				GCC_PRECOMPILE_PREFIX_HEADER = YES;
				GCC_PREFIX_HEADER = "Present3D-Control/Present3D-Control-Prefix.pch";
				INFOPLIST_FILE = "Present3D-ControlTests/Present3D-ControlTests-Info.plist";
				PRODUCT_NAME = "$(TARGET_NAME)";
				TEST_HOST = "$(BUNDLE_LOADER)";
				WRAPPER_EXTENSION = xctest;
			};
			name = Release;
		};
/* End XCBuildConfiguration section */

/* Begin XCConfigurationList section */
		D4A89357180BD70700ACB0B9 /* Build configuration list for PBXProject "Present3D-Control" */ = {
			isa = XCConfigurationList;
			buildConfigurations = (
				D4A8938C180BD70700ACB0B9 /* Debug */,
				D4A8938D180BD70700ACB0B9 /* Release */,
			);
			defaultConfigurationIsVisible = 0;
			defaultConfigurationName = Release;
		};
		D4A8938E180BD70700ACB0B9 /* Build configuration list for PBXNativeTarget "Present3D-Control" */ = {
			isa = XCConfigurationList;
			buildConfigurations = (
				D4A8938F180BD70700ACB0B9 /* Debug */,
				D4A89390180BD70700ACB0B9 /* Release */,
			);
			defaultConfigurationIsVisible = 0;
			defaultConfigurationName = Release;
		};
		D4A89391180BD70700ACB0B9 /* Build configuration list for PBXNativeTarget "Present3D-ControlTests" */ = {
			isa = XCConfigurationList;
			buildConfigurations = (
				D4A89392180BD70700ACB0B9 /* Debug */,
				D4A89393180BD70700ACB0B9 /* Release */,
			);
			defaultConfigurationIsVisible = 0;
			defaultConfigurationName = Release;
		};
/* End XCConfigurationList section */
	};
	rootObject = D4A89354180BD70700ACB0B9 /* Project object */;
}
